// !$*UTF8*$!
{
	archiveVersion = 1;
	classes = {
	};
	objectVersion = 46;
	objects = {

/* Begin PBXBuildFile section */
		371117A21F623ADD0025C7AD /* CoreDataModel.xcdatamodeld in Sources */ = {isa = PBXBuildFile; fileRef = 371117A01F623ADD0025C7AD /* CoreDataModel.xcdatamodeld */; };
		371117A51F6240860025C7AD /* CoreDataManager.m in Sources */ = {isa = PBXBuildFile; fileRef = 371117A41F6240860025C7AD /* CoreDataManager.m */; };
		371647661F41A10500828335 /* UIButton+EnlargeTouchArea.m in Sources */ = {isa = PBXBuildFile; fileRef = 371647651F41A10500828335 /* UIButton+EnlargeTouchArea.m */; };
		373761341F7BD99700917376 /* XJMLibraryDetailVC.m in Sources */ = {isa = PBXBuildFile; fileRef = 373761331F7BD99700917376 /* XJMLibraryDetailVC.m */; };
		373761371F7BDA0900917376 /* XJMLibraryModel.m in Sources */ = {isa = PBXBuildFile; fileRef = 373761361F7BDA0900917376 /* XJMLibraryModel.m */; };
		3737613A1F7BDD9F00917376 /* XJMLibraryViewModel.m in Sources */ = {isa = PBXBuildFile; fileRef = 373761391F7BDD9F00917376 /* XJMLibraryViewModel.m */; };
		374DB05C1F5BE819003DE302 /* UIView+Animations.m in Sources */ = {isa = PBXBuildFile; fileRef = 374DB05B1F5BE819003DE302 /* UIView+Animations.m */; };
		375D57921F78F61A007C178E /* XJCountTimer.m in Sources */ = {isa = PBXBuildFile; fileRef = 375D57911F78F61A007C178E /* XJCountTimer.m */; };
		37748DFF1F750A950012E977 /* XJShutInTimeCell.m in Sources */ = {isa = PBXBuildFile; fileRef = 37748DFE1F750A950012E977 /* XJShutInTimeCell.m */; };
		37748E021F756AF30012E977 /* NSTimer+EOCBlocksSupport.m in Sources */ = {isa = PBXBuildFile; fileRef = 37748E011F756AF30012E977 /* NSTimer+EOCBlocksSupport.m */; };
		377AF8411F6ABC1700ABCA9A /* XJSuperViewController.m in Sources */ = {isa = PBXBuildFile; fileRef = 377AF8401F6ABC1700ABCA9A /* XJSuperViewController.m */; };
		377AF8441F6ADE7700ABCA9A /* XJTabBar.m in Sources */ = {isa = PBXBuildFile; fileRef = 377AF8431F6ADE7700ABCA9A /* XJTabBar.m */; };
		3792FDC71F526A5200DE9078 /* UIButton+Extension.m in Sources */ = {isa = PBXBuildFile; fileRef = 3792FDC61F526A5200DE9078 /* UIButton+Extension.m */; };
		3792FDC91F52ACC300DE9078 /* arrow_left.png in Resources */ = {isa = PBXBuildFile; fileRef = 3792FDC81F52ACC300DE9078 /* arrow_left.png */; };
		37A492751F6CC4B9007301B7 /* FYMissAnimation.m in Sources */ = {isa = PBXBuildFile; fileRef = 37A492741F6CC4B9007301B7 /* FYMissAnimation.m */; };
		37A492781F6CC4E4007301B7 /* FYPercentDrivenInteractiveTransition.m in Sources */ = {isa = PBXBuildFile; fileRef = 37A492771F6CC4E4007301B7 /* FYPercentDrivenInteractiveTransition.m */; };
		37A4927C1F6CD5BE007301B7 /* UncaughtExceptionHandler.m in Sources */ = {isa = PBXBuildFile; fileRef = 37A4927B1F6CD5BE007301B7 /* UncaughtExceptionHandler.m */; };
		37A4927F1F6CD922007301B7 /* XJNavigationController.m in Sources */ = {isa = PBXBuildFile; fileRef = 37A4927E1F6CD922007301B7 /* XJNavigationController.m */; };
		37A492851F6CF449007301B7 /* XJMLibraryViewController.m in Sources */ = {isa = PBXBuildFile; fileRef = 37A492821F6CF449007301B7 /* XJMLibraryViewController.m */; };
		37A492871F6CF510007301B7 /* categoryData.plist in Resources */ = {isa = PBXBuildFile; fileRef = 37A492861F6CF510007301B7 /* categoryData.plist */; };
		37A4928A1F6CF575007301B7 /* XJLibraryCell.m in Sources */ = {isa = PBXBuildFile; fileRef = 37A492891F6CF575007301B7 /* XJLibraryCell.m */; };
		37AC39611F3DA0DB00A6A50F /* main.m in Sources */ = {isa = PBXBuildFile; fileRef = 37AC39601F3DA0DB00A6A50F /* main.m */; };
		37AC39641F3DA0DB00A6A50F /* AppDelegate.m in Sources */ = {isa = PBXBuildFile; fileRef = 37AC39631F3DA0DB00A6A50F /* AppDelegate.m */; };
		37AC39671F3DA0DB00A6A50F /* ViewController.m in Sources */ = {isa = PBXBuildFile; fileRef = 37AC39661F3DA0DB00A6A50F /* ViewController.m */; };
		37ADB7391F3EED260063F493 /* UIView+Extension.m in Sources */ = {isa = PBXBuildFile; fileRef = 37ADB7381F3EED260063F493 /* UIView+Extension.m */; };
		37B23BEF1F5AA45200646661 /* NSString+Extension.m in Sources */ = {isa = PBXBuildFile; fileRef = 37B23BEE1F5AA45200646661 /* NSString+Extension.m */; };
		37B337341F73BD44006CD8C3 /* XJShutInTime.m in Sources */ = {isa = PBXBuildFile; fileRef = 37B337331F73BD44006CD8C3 /* XJShutInTime.m */; };
		37B374261F61A2B200E8BA76 /* AnimationTableView.m in Sources */ = {isa = PBXBuildFile; fileRef = 37B374101F61A2B200E8BA76 /* AnimationTableView.m */; };
		37B374271F61A2B200E8BA76 /* XJMainPlayController.m in Sources */ = {isa = PBXBuildFile; fileRef = 37B374131F61A2B200E8BA76 /* XJMainPlayController.m */; };
		37B374281F61A2B200E8BA76 /* XJTabBarController.m in Sources */ = {isa = PBXBuildFile; fileRef = 37B374151F61A2B200E8BA76 /* XJTabBarController.m */; };
		37B374291F61A2B200E8BA76 /* BaseViewModel.m in Sources */ = {isa = PBXBuildFile; fileRef = 37B374181F61A2B200E8BA76 /* BaseViewModel.m */; };
		37B3742A1F61A2B200E8BA76 /* XJMoreNetManager.m in Sources */ = {isa = PBXBuildFile; fileRef = 37B3741B1F61A2B200E8BA76 /* XJMoreNetManager.m */; };
		37B3742B1F61A2B200E8BA76 /* XJNetManager.m in Sources */ = {isa = PBXBuildFile; fileRef = 37B3741D1F61A2B200E8BA76 /* XJNetManager.m */; };
		37B3742C1F61A2B200E8BA76 /* XJPLayManager.m in Sources */ = {isa = PBXBuildFile; fileRef = 37B374201F61A2B200E8BA76 /* XJPLayManager.m */; };
		37B3742D1F61A2B200E8BA76 /* XJMainPlayView.m in Sources */ = {isa = PBXBuildFile; fileRef = 37B374231F61A2B200E8BA76 /* XJMainPlayView.m */; };
		37B3742E1F61A2B200E8BA76 /* XJPlayView.m in Sources */ = {isa = PBXBuildFile; fileRef = 37B374251F61A2B200E8BA76 /* XJPlayView.m */; };
		37B374411F61A30A00E8BA76 /* XJMiddleViewController.m in Sources */ = {isa = PBXBuildFile; fileRef = 37B374321F61A30A00E8BA76 /* XJMiddleViewController.m */; };
		37B374421F61A30A00E8BA76 /* XJRecommendViewController.m in Sources */ = {isa = PBXBuildFile; fileRef = 37B374341F61A30A00E8BA76 /* XJRecommendViewController.m */; };
		37B374431F61A30A00E8BA76 /* XJSongViewController.m in Sources */ = {isa = PBXBuildFile; fileRef = 37B374361F61A30A00E8BA76 /* XJSongViewController.m */; };
		37B374441F61A30A00E8BA76 /* XJBGCollectionViewCell.m in Sources */ = {isa = PBXBuildFile; fileRef = 37B3743A1F61A30A00E8BA76 /* XJBGCollectionViewCell.m */; };
		37B374451F61A30A00E8BA76 /* XJNavigaterView.m in Sources */ = {isa = PBXBuildFile; fileRef = 37B3743C1F61A30A00E8BA76 /* XJNavigaterView.m */; };
		37B374461F61A30A00E8BA76 /* XJSongCell.m in Sources */ = {isa = PBXBuildFile; fileRef = 37B3743E1F61A30A00E8BA76 /* XJSongCell.m */; };
		37B374471F61A30A00E8BA76 /* XJSongHeaderView.m in Sources */ = {isa = PBXBuildFile; fileRef = 37B374401F61A30A00E8BA76 /* XJSongHeaderView.m */; };
		37B374501F61A32E00E8BA76 /* XJMyViewController.m in Sources */ = {isa = PBXBuildFile; fileRef = 37B3744B1F61A32E00E8BA76 /* XJMyViewController.m */; };
		37B374511F61A32E00E8BA76 /* XJMyTableViewCell.m in Sources */ = {isa = PBXBuildFile; fileRef = 37B3744F1F61A32E00E8BA76 /* XJMyTableViewCell.m */; };
		37B3746F1F61A39200E8BA76 /* ContentsModel.m in Sources */ = {isa = PBXBuildFile; fileRef = 37B374591F61A39200E8BA76 /* ContentsModel.m */; };
		37B374701F61A39200E8BA76 /* DestinationModel.m in Sources */ = {isa = PBXBuildFile; fileRef = 37B3745B1F61A39200E8BA76 /* DestinationModel.m */; };
		37B374711F61A39200E8BA76 /* MoreContentViewModel.m in Sources */ = {isa = PBXBuildFile; fileRef = 37B3745D1F61A39200E8BA76 /* MoreContentViewModel.m */; };
		37B374721F61A39200E8BA76 /* NewCategoryModel.m in Sources */ = {isa = PBXBuildFile; fileRef = 37B3745F1F61A39200E8BA76 /* NewCategoryModel.m */; };
		37B374731F61A39200E8BA76 /* NewContentViewModel.m in Sources */ = {isa = PBXBuildFile; fileRef = 37B374611F61A39200E8BA76 /* NewContentViewModel.m */; };
		37B374741F61A39200E8BA76 /* TracksViewModel.m in Sources */ = {isa = PBXBuildFile; fileRef = 37B374631F61A39200E8BA76 /* TracksViewModel.m */; };
		37B374751F61A39200E8BA76 /* XJMainTableViewCell.m in Sources */ = {isa = PBXBuildFile; fileRef = 37B374661F61A39200E8BA76 /* XJMainTableViewCell.m */; };
		37B374781F61A39200E8BA76 /* XJMainViewController.m in Sources */ = {isa = PBXBuildFile; fileRef = 37B3746E1F61A39200E8BA76 /* XJMainViewController.m */; };
		37BB23E31F702C6D002EBCE1 /* FavoriteModel.m in Sources */ = {isa = PBXBuildFile; fileRef = 37BB23E01F702C6D002EBCE1 /* FavoriteModel.m */; };
		37BB23E41F702C6D002EBCE1 /* FavoriteModel+CoreDataProperties.m in Sources */ = {isa = PBXBuildFile; fileRef = 37BB23E21F702C6D002EBCE1 /* FavoriteModel+CoreDataProperties.m */; };
		37D755CA1F68375200C2FCED /* XJHistory_Favorite_VC.m in Sources */ = {isa = PBXBuildFile; fileRef = 37D755C91F68375200C2FCED /* XJHistory_Favorite_VC.m */; };
		37D755CD1F68377900C2FCED /* XJHistory_Favorite_Cell.m in Sources */ = {isa = PBXBuildFile; fileRef = 37D755CC1F68377900C2FCED /* XJHistory_Favorite_Cell.m */; };
		37D755D21F68396300C2FCED /* XJRecommendSectionTItle.m in Sources */ = {isa = PBXBuildFile; fileRef = 37D755CF1F68396300C2FCED /* XJRecommendSectionTItle.m */; };
		37D755D31F68396300C2FCED /* XJRecommendViewCell.m in Sources */ = {isa = PBXBuildFile; fileRef = 37D755D11F68396300C2FCED /* XJRecommendViewCell.m */; };
		37E7DCB11F6BF64D00EE567B /* XJProgressView.m in Sources */ = {isa = PBXBuildFile; fileRef = 37E7DCB01F6BF64D00EE567B /* XJProgressView.m */; };
		37E7DCB31F6C150500EE567B /* Images.xcassets in Resources */ = {isa = PBXBuildFile; fileRef = 37E7DCB21F6C150500EE567B /* Images.xcassets */; };
		37E9EA801F66EABD001819E5 /* SongsModel+CoreDataProperties.m in Sources */ = {isa = PBXBuildFile; fileRef = 37E9EA7D1F66EABD001819E5 /* SongsModel+CoreDataProperties.m */; };
		37E9EA811F66EABD001819E5 /* SongsModel.m in Sources */ = {isa = PBXBuildFile; fileRef = 37E9EA7F1F66EABD001819E5 /* SongsModel.m */; };
		BE279A87A507F140AA47A522 /* libPods-music.a in Frameworks */ = {isa = PBXBuildFile; fileRef = 4FD4EC54D93F28F4E604D864 /* libPods-music.a */; };
/* End PBXBuildFile section */

/* Begin PBXFileReference section */
		0D70799529089053D333F85E /* Pods-music.debug.xcconfig */ = {isa = PBXFileReference; includeInIndex = 1; lastKnownFileType = text.xcconfig; name = "Pods-music.debug.xcconfig"; path = "Pods/Target Support Files/Pods-music/Pods-music.debug.xcconfig"; sourceTree = "<group>"; };
		371117A11F623ADD0025C7AD /* CoreDataModel.xcdatamodel */ = {isa = PBXFileReference; lastKnownFileType = wrapper.xcdatamodel; path = CoreDataModel.xcdatamodel; sourceTree = "<group>"; };
		371117A31F6240860025C7AD /* CoreDataManager.h */ = {isa = PBXFileReference; fileEncoding = 4; lastKnownFileType = sourcecode.c.h; path = CoreDataManager.h; sourceTree = "<group>"; };
		371117A41F6240860025C7AD /* CoreDataManager.m */ = {isa = PBXFileReference; fileEncoding = 4; lastKnownFileType = sourcecode.c.objc; path = CoreDataManager.m; sourceTree = "<group>"; };
		371647641F41A10500828335 /* UIButton+EnlargeTouchArea.h */ = {isa = PBXFileReference; fileEncoding = 4; lastKnownFileType = sourcecode.c.h; path = "UIButton+EnlargeTouchArea.h"; sourceTree = "<group>"; };
		371647651F41A10500828335 /* UIButton+EnlargeTouchArea.m */ = {isa = PBXFileReference; fileEncoding = 4; lastKnownFileType = sourcecode.c.objc; path = "UIButton+EnlargeTouchArea.m"; sourceTree = "<group>"; };
		373761321F7BD99700917376 /* XJMLibraryDetailVC.h */ = {isa = PBXFileReference; fileEncoding = 4; lastKnownFileType = sourcecode.c.h; path = XJMLibraryDetailVC.h; sourceTree = "<group>"; };
		373761331F7BD99700917376 /* XJMLibraryDetailVC.m */ = {isa = PBXFileReference; fileEncoding = 4; lastKnownFileType = sourcecode.c.objc; path = XJMLibraryDetailVC.m; sourceTree = "<group>"; };
		373761351F7BDA0900917376 /* XJMLibraryModel.h */ = {isa = PBXFileReference; fileEncoding = 4; lastKnownFileType = sourcecode.c.h; path = XJMLibraryModel.h; sourceTree = "<group>"; };
		373761361F7BDA0900917376 /* XJMLibraryModel.m */ = {isa = PBXFileReference; fileEncoding = 4; lastKnownFileType = sourcecode.c.objc; path = XJMLibraryModel.m; sourceTree = "<group>"; };
		373761381F7BDD9F00917376 /* XJMLibraryViewModel.h */ = {isa = PBXFileReference; fileEncoding = 4; lastKnownFileType = sourcecode.c.h; path = XJMLibraryViewModel.h; sourceTree = "<group>"; };
		373761391F7BDD9F00917376 /* XJMLibraryViewModel.m */ = {isa = PBXFileReference; fileEncoding = 4; lastKnownFileType = sourcecode.c.objc; path = XJMLibraryViewModel.m; sourceTree = "<group>"; };
		374DB05A1F5BE819003DE302 /* UIView+Animations.h */ = {isa = PBXFileReference; fileEncoding = 4; lastKnownFileType = sourcecode.c.h; path = "UIView+Animations.h"; sourceTree = "<group>"; };
		374DB05B1F5BE819003DE302 /* UIView+Animations.m */ = {isa = PBXFileReference; fileEncoding = 4; lastKnownFileType = sourcecode.c.objc; path = "UIView+Animations.m"; sourceTree = "<group>"; };
		37556E761F586E8B00B65CFB /* MacroHeader.h */ = {isa = PBXFileReference; fileEncoding = 4; lastKnownFileType = sourcecode.c.h; path = MacroHeader.h; sourceTree = "<group>"; };
		375D57901F78F61A007C178E /* XJCountTimer.h */ = {isa = PBXFileReference; fileEncoding = 4; lastKnownFileType = sourcecode.c.h; path = XJCountTimer.h; sourceTree = "<group>"; };
		375D57911F78F61A007C178E /* XJCountTimer.m */ = {isa = PBXFileReference; fileEncoding = 4; lastKnownFileType = sourcecode.c.objc; path = XJCountTimer.m; sourceTree = "<group>"; };
		37748DFD1F750A950012E977 /* XJShutInTimeCell.h */ = {isa = PBXFileReference; fileEncoding = 4; lastKnownFileType = sourcecode.c.h; path = XJShutInTimeCell.h; sourceTree = "<group>"; };
		37748DFE1F750A950012E977 /* XJShutInTimeCell.m */ = {isa = PBXFileReference; fileEncoding = 4; lastKnownFileType = sourcecode.c.objc; path = XJShutInTimeCell.m; sourceTree = "<group>"; };
		37748E001F756AF30012E977 /* NSTimer+EOCBlocksSupport.h */ = {isa = PBXFileReference; fileEncoding = 4; lastKnownFileType = sourcecode.c.h; path = "NSTimer+EOCBlocksSupport.h"; sourceTree = "<group>"; };
		37748E011F756AF30012E977 /* NSTimer+EOCBlocksSupport.m */ = {isa = PBXFileReference; fileEncoding = 4; lastKnownFileType = sourcecode.c.objc; path = "NSTimer+EOCBlocksSupport.m"; sourceTree = "<group>"; };
		377AF83F1F6ABC1700ABCA9A /* XJSuperViewController.h */ = {isa = PBXFileReference; fileEncoding = 4; lastKnownFileType = sourcecode.c.h; name = XJSuperViewController.h; path = "music/Common /Controller/XJSuperViewController.h"; sourceTree = SOURCE_ROOT; };
		377AF8401F6ABC1700ABCA9A /* XJSuperViewController.m */ = {isa = PBXFileReference; fileEncoding = 4; lastKnownFileType = sourcecode.c.objc; name = XJSuperViewController.m; path = "music/Common /Controller/XJSuperViewController.m"; sourceTree = SOURCE_ROOT; };
		377AF8421F6ADE7700ABCA9A /* XJTabBar.h */ = {isa = PBXFileReference; fileEncoding = 4; lastKnownFileType = sourcecode.c.h; path = XJTabBar.h; sourceTree = "<group>"; };
		377AF8431F6ADE7700ABCA9A /* XJTabBar.m */ = {isa = PBXFileReference; fileEncoding = 4; lastKnownFileType = sourcecode.c.objc; path = XJTabBar.m; sourceTree = "<group>"; };
		3792FDC51F526A5200DE9078 /* UIButton+Extension.h */ = {isa = PBXFileReference; fileEncoding = 4; lastKnownFileType = sourcecode.c.h; path = "UIButton+Extension.h"; sourceTree = "<group>"; };
		3792FDC61F526A5200DE9078 /* UIButton+Extension.m */ = {isa = PBXFileReference; fileEncoding = 4; lastKnownFileType = sourcecode.c.objc; path = "UIButton+Extension.m"; sourceTree = "<group>"; };
		3792FDC81F52ACC300DE9078 /* arrow_left.png */ = {isa = PBXFileReference; lastKnownFileType = image.png; path = arrow_left.png; sourceTree = "<group>"; };
		37A492731F6CC4B9007301B7 /* FYMissAnimation.h */ = {isa = PBXFileReference; fileEncoding = 4; lastKnownFileType = sourcecode.c.h; path = FYMissAnimation.h; sourceTree = "<group>"; };
		37A492741F6CC4B9007301B7 /* FYMissAnimation.m */ = {isa = PBXFileReference; fileEncoding = 4; lastKnownFileType = sourcecode.c.objc; path = FYMissAnimation.m; sourceTree = "<group>"; };
		37A492761F6CC4E4007301B7 /* FYPercentDrivenInteractiveTransition.h */ = {isa = PBXFileReference; fileEncoding = 4; lastKnownFileType = sourcecode.c.h; path = FYPercentDrivenInteractiveTransition.h; sourceTree = "<group>"; };
		37A492771F6CC4E4007301B7 /* FYPercentDrivenInteractiveTransition.m */ = {isa = PBXFileReference; fileEncoding = 4; lastKnownFileType = sourcecode.c.objc; path = FYPercentDrivenInteractiveTransition.m; sourceTree = "<group>"; };
		37A4927A1F6CD5BE007301B7 /* UncaughtExceptionHandler.h */ = {isa = PBXFileReference; fileEncoding = 4; lastKnownFileType = sourcecode.c.h; path = UncaughtExceptionHandler.h; sourceTree = "<group>"; };
		37A4927B1F6CD5BE007301B7 /* UncaughtExceptionHandler.m */ = {isa = PBXFileReference; fileEncoding = 4; lastKnownFileType = sourcecode.c.objc; path = UncaughtExceptionHandler.m; sourceTree = "<group>"; };
		37A4927D1F6CD922007301B7 /* XJNavigationController.h */ = {isa = PBXFileReference; fileEncoding = 4; lastKnownFileType = sourcecode.c.h; name = XJNavigationController.h; path = "music/Common /Controller/XJNavigationController.h"; sourceTree = SOURCE_ROOT; };
		37A4927E1F6CD922007301B7 /* XJNavigationController.m */ = {isa = PBXFileReference; fileEncoding = 4; lastKnownFileType = sourcecode.c.objc; name = XJNavigationController.m; path = "music/Common /Controller/XJNavigationController.m"; sourceTree = SOURCE_ROOT; };
		37A492811F6CF449007301B7 /* XJMLibraryViewController.h */ = {isa = PBXFileReference; fileEncoding = 4; lastKnownFileType = sourcecode.c.h; path = XJMLibraryViewController.h; sourceTree = "<group>"; };
		37A492821F6CF449007301B7 /* XJMLibraryViewController.m */ = {isa = PBXFileReference; fileEncoding = 4; lastKnownFileType = sourcecode.c.objc; path = XJMLibraryViewController.m; sourceTree = "<group>"; };
		37A492861F6CF510007301B7 /* categoryData.plist */ = {isa = PBXFileReference; fileEncoding = 4; lastKnownFileType = text.plist.xml; path = categoryData.plist; sourceTree = "<group>"; };
		37A492881F6CF575007301B7 /* XJLibraryCell.h */ = {isa = PBXFileReference; fileEncoding = 4; lastKnownFileType = sourcecode.c.h; path = XJLibraryCell.h; sourceTree = "<group>"; };
		37A492891F6CF575007301B7 /* XJLibraryCell.m */ = {isa = PBXFileReference; fileEncoding = 4; lastKnownFileType = sourcecode.c.objc; path = XJLibraryCell.m; sourceTree = "<group>"; };
		37AC395C1F3DA0DB00A6A50F /* music.app */ = {isa = PBXFileReference; explicitFileType = wrapper.application; includeInIndex = 0; path = music.app; sourceTree = BUILT_PRODUCTS_DIR; };
		37AC39601F3DA0DB00A6A50F /* main.m */ = {isa = PBXFileReference; lastKnownFileType = sourcecode.c.objc; path = main.m; sourceTree = "<group>"; };
		37AC39621F3DA0DB00A6A50F /* AppDelegate.h */ = {isa = PBXFileReference; lastKnownFileType = sourcecode.c.h; path = AppDelegate.h; sourceTree = "<group>"; };
		37AC39631F3DA0DB00A6A50F /* AppDelegate.m */ = {isa = PBXFileReference; lastKnownFileType = sourcecode.c.objc; path = AppDelegate.m; sourceTree = "<group>"; };
		37AC39651F3DA0DB00A6A50F /* ViewController.h */ = {isa = PBXFileReference; lastKnownFileType = sourcecode.c.h; path = ViewController.h; sourceTree = "<group>"; };
		37AC39661F3DA0DB00A6A50F /* ViewController.m */ = {isa = PBXFileReference; lastKnownFileType = sourcecode.c.objc; path = ViewController.m; sourceTree = "<group>"; };
		37AC39701F3DA0DB00A6A50F /* Info.plist */ = {isa = PBXFileReference; lastKnownFileType = text.plist.xml; path = Info.plist; sourceTree = "<group>"; };
		37ADB7351F3EEB890063F493 /* PrefixHeader.pch */ = {isa = PBXFileReference; fileEncoding = 4; lastKnownFileType = sourcecode.c.h; path = PrefixHeader.pch; sourceTree = "<group>"; };
		37ADB7371F3EED260063F493 /* UIView+Extension.h */ = {isa = PBXFileReference; fileEncoding = 4; lastKnownFileType = sourcecode.c.h; path = "UIView+Extension.h"; sourceTree = "<group>"; };
		37ADB7381F3EED260063F493 /* UIView+Extension.m */ = {isa = PBXFileReference; fileEncoding = 4; lastKnownFileType = sourcecode.c.objc; path = "UIView+Extension.m"; sourceTree = "<group>"; };
		37B23BED1F5AA45200646661 /* NSString+Extension.h */ = {isa = PBXFileReference; fileEncoding = 4; lastKnownFileType = sourcecode.c.h; path = "NSString+Extension.h"; sourceTree = "<group>"; };
		37B23BEE1F5AA45200646661 /* NSString+Extension.m */ = {isa = PBXFileReference; fileEncoding = 4; lastKnownFileType = sourcecode.c.objc; path = "NSString+Extension.m"; sourceTree = "<group>"; };
		37B337321F73BD44006CD8C3 /* XJShutInTime.h */ = {isa = PBXFileReference; fileEncoding = 4; lastKnownFileType = sourcecode.c.h; path = XJShutInTime.h; sourceTree = "<group>"; };
		37B337331F73BD44006CD8C3 /* XJShutInTime.m */ = {isa = PBXFileReference; fileEncoding = 4; lastKnownFileType = sourcecode.c.objc; path = XJShutInTime.m; sourceTree = "<group>"; };
		37B3740F1F61A2B200E8BA76 /* AnimationTableView.h */ = {isa = PBXFileReference; fileEncoding = 4; lastKnownFileType = sourcecode.c.h; path = AnimationTableView.h; sourceTree = "<group>"; };
		37B374101F61A2B200E8BA76 /* AnimationTableView.m */ = {isa = PBXFileReference; fileEncoding = 4; lastKnownFileType = sourcecode.c.objc; path = AnimationTableView.m; sourceTree = "<group>"; };
		37B374121F61A2B200E8BA76 /* XJMainPlayController.h */ = {isa = PBXFileReference; fileEncoding = 4; lastKnownFileType = sourcecode.c.h; path = XJMainPlayController.h; sourceTree = "<group>"; };
		37B374131F61A2B200E8BA76 /* XJMainPlayController.m */ = {isa = PBXFileReference; fileEncoding = 4; lastKnownFileType = sourcecode.c.objc; path = XJMainPlayController.m; sourceTree = "<group>"; };
		37B374141F61A2B200E8BA76 /* XJTabBarController.h */ = {isa = PBXFileReference; fileEncoding = 4; lastKnownFileType = sourcecode.c.h; path = XJTabBarController.h; sourceTree = "<group>"; };
		37B374151F61A2B200E8BA76 /* XJTabBarController.m */ = {isa = PBXFileReference; fileEncoding = 4; lastKnownFileType = sourcecode.c.objc; path = XJTabBarController.m; sourceTree = "<group>"; };
		37B374171F61A2B200E8BA76 /* BaseViewModel.h */ = {isa = PBXFileReference; fileEncoding = 4; lastKnownFileType = sourcecode.c.h; path = BaseViewModel.h; sourceTree = "<group>"; };
		37B374181F61A2B200E8BA76 /* BaseViewModel.m */ = {isa = PBXFileReference; fileEncoding = 4; lastKnownFileType = sourcecode.c.objc; path = BaseViewModel.m; sourceTree = "<group>"; };
		37B3741A1F61A2B200E8BA76 /* XJMoreNetManager.h */ = {isa = PBXFileReference; fileEncoding = 4; lastKnownFileType = sourcecode.c.h; path = XJMoreNetManager.h; sourceTree = "<group>"; };
		37B3741B1F61A2B200E8BA76 /* XJMoreNetManager.m */ = {isa = PBXFileReference; fileEncoding = 4; lastKnownFileType = sourcecode.c.objc; path = XJMoreNetManager.m; sourceTree = "<group>"; };
		37B3741C1F61A2B200E8BA76 /* XJNetManager.h */ = {isa = PBXFileReference; fileEncoding = 4; lastKnownFileType = sourcecode.c.h; path = XJNetManager.h; sourceTree = "<group>"; };
		37B3741D1F61A2B200E8BA76 /* XJNetManager.m */ = {isa = PBXFileReference; fileEncoding = 4; lastKnownFileType = sourcecode.c.objc; path = XJNetManager.m; sourceTree = "<group>"; };
		37B3741F1F61A2B200E8BA76 /* XJPLayManager.h */ = {isa = PBXFileReference; fileEncoding = 4; lastKnownFileType = sourcecode.c.h; path = XJPLayManager.h; sourceTree = "<group>"; };
		37B374201F61A2B200E8BA76 /* XJPLayManager.m */ = {isa = PBXFileReference; fileEncoding = 4; lastKnownFileType = sourcecode.c.objc; path = XJPLayManager.m; sourceTree = "<group>"; };
		37B374221F61A2B200E8BA76 /* XJMainPlayView.h */ = {isa = PBXFileReference; fileEncoding = 4; lastKnownFileType = sourcecode.c.h; path = XJMainPlayView.h; sourceTree = "<group>"; };
		37B374231F61A2B200E8BA76 /* XJMainPlayView.m */ = {isa = PBXFileReference; fileEncoding = 4; lastKnownFileType = sourcecode.c.objc; path = XJMainPlayView.m; sourceTree = "<group>"; };
		37B374241F61A2B200E8BA76 /* XJPlayView.h */ = {isa = PBXFileReference; fileEncoding = 4; lastKnownFileType = sourcecode.c.h; path = XJPlayView.h; sourceTree = "<group>"; };
		37B374251F61A2B200E8BA76 /* XJPlayView.m */ = {isa = PBXFileReference; fileEncoding = 4; lastKnownFileType = sourcecode.c.objc; path = XJPlayView.m; sourceTree = "<group>"; };
		37B374311F61A30A00E8BA76 /* XJMiddleViewController.h */ = {isa = PBXFileReference; fileEncoding = 4; lastKnownFileType = sourcecode.c.h; path = XJMiddleViewController.h; sourceTree = "<group>"; };
		37B374321F61A30A00E8BA76 /* XJMiddleViewController.m */ = {isa = PBXFileReference; fileEncoding = 4; lastKnownFileType = sourcecode.c.objc; path = XJMiddleViewController.m; sourceTree = "<group>"; };
		37B374331F61A30A00E8BA76 /* XJRecommendViewController.h */ = {isa = PBXFileReference; fileEncoding = 4; lastKnownFileType = sourcecode.c.h; path = XJRecommendViewController.h; sourceTree = "<group>"; };
		37B374341F61A30A00E8BA76 /* XJRecommendViewController.m */ = {isa = PBXFileReference; fileEncoding = 4; lastKnownFileType = sourcecode.c.objc; path = XJRecommendViewController.m; sourceTree = "<group>"; };
		37B374351F61A30A00E8BA76 /* XJSongViewController.h */ = {isa = PBXFileReference; fileEncoding = 4; lastKnownFileType = sourcecode.c.h; path = XJSongViewController.h; sourceTree = "<group>"; };
		37B374361F61A30A00E8BA76 /* XJSongViewController.m */ = {isa = PBXFileReference; fileEncoding = 4; lastKnownFileType = sourcecode.c.objc; path = XJSongViewController.m; sourceTree = "<group>"; };
		37B374391F61A30A00E8BA76 /* XJBGCollectionViewCell.h */ = {isa = PBXFileReference; fileEncoding = 4; lastKnownFileType = sourcecode.c.h; path = XJBGCollectionViewCell.h; sourceTree = "<group>"; };
		37B3743A1F61A30A00E8BA76 /* XJBGCollectionViewCell.m */ = {isa = PBXFileReference; fileEncoding = 4; lastKnownFileType = sourcecode.c.objc; path = XJBGCollectionViewCell.m; sourceTree = "<group>"; };
		37B3743B1F61A30A00E8BA76 /* XJNavigaterView.h */ = {isa = PBXFileReference; fileEncoding = 4; lastKnownFileType = sourcecode.c.h; path = XJNavigaterView.h; sourceTree = "<group>"; };
		37B3743C1F61A30A00E8BA76 /* XJNavigaterView.m */ = {isa = PBXFileReference; fileEncoding = 4; lastKnownFileType = sourcecode.c.objc; path = XJNavigaterView.m; sourceTree = "<group>"; };
		37B3743D1F61A30A00E8BA76 /* XJSongCell.h */ = {isa = PBXFileReference; fileEncoding = 4; lastKnownFileType = sourcecode.c.h; path = XJSongCell.h; sourceTree = "<group>"; };
		37B3743E1F61A30A00E8BA76 /* XJSongCell.m */ = {isa = PBXFileReference; fileEncoding = 4; lastKnownFileType = sourcecode.c.objc; path = XJSongCell.m; sourceTree = "<group>"; };
		37B3743F1F61A30A00E8BA76 /* XJSongHeaderView.h */ = {isa = PBXFileReference; fileEncoding = 4; lastKnownFileType = sourcecode.c.h; path = XJSongHeaderView.h; sourceTree = "<group>"; };
		37B374401F61A30A00E8BA76 /* XJSongHeaderView.m */ = {isa = PBXFileReference; fileEncoding = 4; lastKnownFileType = sourcecode.c.objc; path = XJSongHeaderView.m; sourceTree = "<group>"; };
		37B3744A1F61A32E00E8BA76 /* XJMyViewController.h */ = {isa = PBXFileReference; fileEncoding = 4; lastKnownFileType = sourcecode.c.h; path = XJMyViewController.h; sourceTree = "<group>"; };
		37B3744B1F61A32E00E8BA76 /* XJMyViewController.m */ = {isa = PBXFileReference; fileEncoding = 4; lastKnownFileType = sourcecode.c.objc; path = XJMyViewController.m; sourceTree = "<group>"; };
		37B3744E1F61A32E00E8BA76 /* XJMyTableViewCell.h */ = {isa = PBXFileReference; fileEncoding = 4; lastKnownFileType = sourcecode.c.h; path = XJMyTableViewCell.h; sourceTree = "<group>"; };
		37B3744F1F61A32E00E8BA76 /* XJMyTableViewCell.m */ = {isa = PBXFileReference; fileEncoding = 4; lastKnownFileType = sourcecode.c.objc; path = XJMyTableViewCell.m; sourceTree = "<group>"; };
		37B374581F61A39200E8BA76 /* ContentsModel.h */ = {isa = PBXFileReference; fileEncoding = 4; lastKnownFileType = sourcecode.c.h; path = ContentsModel.h; sourceTree = "<group>"; };
		37B374591F61A39200E8BA76 /* ContentsModel.m */ = {isa = PBXFileReference; fileEncoding = 4; lastKnownFileType = sourcecode.c.objc; path = ContentsModel.m; sourceTree = "<group>"; };
		37B3745A1F61A39200E8BA76 /* DestinationModel.h */ = {isa = PBXFileReference; fileEncoding = 4; lastKnownFileType = sourcecode.c.h; path = DestinationModel.h; sourceTree = "<group>"; };
		37B3745B1F61A39200E8BA76 /* DestinationModel.m */ = {isa = PBXFileReference; fileEncoding = 4; lastKnownFileType = sourcecode.c.objc; path = DestinationModel.m; sourceTree = "<group>"; };
		37B3745C1F61A39200E8BA76 /* MoreContentViewModel.h */ = {isa = PBXFileReference; fileEncoding = 4; lastKnownFileType = sourcecode.c.h; path = MoreContentViewModel.h; sourceTree = "<group>"; };
		37B3745D1F61A39200E8BA76 /* MoreContentViewModel.m */ = {isa = PBXFileReference; fileEncoding = 4; lastKnownFileType = sourcecode.c.objc; path = MoreContentViewModel.m; sourceTree = "<group>"; };
		37B3745E1F61A39200E8BA76 /* NewCategoryModel.h */ = {isa = PBXFileReference; fileEncoding = 4; lastKnownFileType = sourcecode.c.h; path = NewCategoryModel.h; sourceTree = "<group>"; };
		37B3745F1F61A39200E8BA76 /* NewCategoryModel.m */ = {isa = PBXFileReference; fileEncoding = 4; lastKnownFileType = sourcecode.c.objc; path = NewCategoryModel.m; sourceTree = "<group>"; };
		37B374601F61A39200E8BA76 /* NewContentViewModel.h */ = {isa = PBXFileReference; fileEncoding = 4; lastKnownFileType = sourcecode.c.h; path = NewContentViewModel.h; sourceTree = "<group>"; };
		37B374611F61A39200E8BA76 /* NewContentViewModel.m */ = {isa = PBXFileReference; fileEncoding = 4; lastKnownFileType = sourcecode.c.objc; path = NewContentViewModel.m; sourceTree = "<group>"; };
		37B374621F61A39200E8BA76 /* TracksViewModel.h */ = {isa = PBXFileReference; fileEncoding = 4; lastKnownFileType = sourcecode.c.h; path = TracksViewModel.h; sourceTree = "<group>"; };
		37B374631F61A39200E8BA76 /* TracksViewModel.m */ = {isa = PBXFileReference; fileEncoding = 4; lastKnownFileType = sourcecode.c.objc; path = TracksViewModel.m; sourceTree = "<group>"; };
		37B374651F61A39200E8BA76 /* XJMainTableViewCell.h */ = {isa = PBXFileReference; fileEncoding = 4; lastKnownFileType = sourcecode.c.h; path = XJMainTableViewCell.h; sourceTree = "<group>"; };
		37B374661F61A39200E8BA76 /* XJMainTableViewCell.m */ = {isa = PBXFileReference; fileEncoding = 4; lastKnownFileType = sourcecode.c.objc; path = XJMainTableViewCell.m; sourceTree = "<group>"; };
		37B3746C1F61A39200E8BA76 /* tsts.h */ = {isa = PBXFileReference; fileEncoding = 4; lastKnownFileType = sourcecode.c.h; path = tsts.h; sourceTree = "<group>"; };
		37B3746D1F61A39200E8BA76 /* XJMainViewController.h */ = {isa = PBXFileReference; fileEncoding = 4; lastKnownFileType = sourcecode.c.h; path = XJMainViewController.h; sourceTree = "<group>"; };
		37B3746E1F61A39200E8BA76 /* XJMainViewController.m */ = {isa = PBXFileReference; fileEncoding = 4; lastKnownFileType = sourcecode.c.objc; path = XJMainViewController.m; sourceTree = "<group>"; };
		37BB23DF1F702C6D002EBCE1 /* FavoriteModel.h */ = {isa = PBXFileReference; fileEncoding = 4; lastKnownFileType = sourcecode.c.h; path = FavoriteModel.h; sourceTree = "<group>"; };
		37BB23E01F702C6D002EBCE1 /* FavoriteModel.m */ = {isa = PBXFileReference; fileEncoding = 4; lastKnownFileType = sourcecode.c.objc; path = FavoriteModel.m; sourceTree = "<group>"; };
		37BB23E11F702C6D002EBCE1 /* FavoriteModel+CoreDataProperties.h */ = {isa = PBXFileReference; fileEncoding = 4; lastKnownFileType = sourcecode.c.h; path = "FavoriteModel+CoreDataProperties.h"; sourceTree = "<group>"; };
		37BB23E21F702C6D002EBCE1 /* FavoriteModel+CoreDataProperties.m */ = {isa = PBXFileReference; fileEncoding = 4; lastKnownFileType = sourcecode.c.objc; path = "FavoriteModel+CoreDataProperties.m"; sourceTree = "<group>"; };
		37D755C81F68375200C2FCED /* XJHistory_Favorite_VC.h */ = {isa = PBXFileReference; fileEncoding = 4; lastKnownFileType = sourcecode.c.h; path = XJHistory_Favorite_VC.h; sourceTree = "<group>"; };
		37D755C91F68375200C2FCED /* XJHistory_Favorite_VC.m */ = {isa = PBXFileReference; fileEncoding = 4; lastKnownFileType = sourcecode.c.objc; path = XJHistory_Favorite_VC.m; sourceTree = "<group>"; };
		37D755CB1F68377900C2FCED /* XJHistory_Favorite_Cell.h */ = {isa = PBXFileReference; fileEncoding = 4; lastKnownFileType = sourcecode.c.h; path = XJHistory_Favorite_Cell.h; sourceTree = "<group>"; };
		37D755CC1F68377900C2FCED /* XJHistory_Favorite_Cell.m */ = {isa = PBXFileReference; fileEncoding = 4; lastKnownFileType = sourcecode.c.objc; path = XJHistory_Favorite_Cell.m; sourceTree = "<group>"; };
		37D755CE1F68396300C2FCED /* XJRecommendSectionTItle.h */ = {isa = PBXFileReference; fileEncoding = 4; lastKnownFileType = sourcecode.c.h; path = XJRecommendSectionTItle.h; sourceTree = "<group>"; };
		37D755CF1F68396300C2FCED /* XJRecommendSectionTItle.m */ = {isa = PBXFileReference; fileEncoding = 4; lastKnownFileType = sourcecode.c.objc; path = XJRecommendSectionTItle.m; sourceTree = "<group>"; };
		37D755D01F68396300C2FCED /* XJRecommendViewCell.h */ = {isa = PBXFileReference; fileEncoding = 4; lastKnownFileType = sourcecode.c.h; path = XJRecommendViewCell.h; sourceTree = "<group>"; };
		37D755D11F68396300C2FCED /* XJRecommendViewCell.m */ = {isa = PBXFileReference; fileEncoding = 4; lastKnownFileType = sourcecode.c.objc; path = XJRecommendViewCell.m; sourceTree = "<group>"; };
		37E7DCAF1F6BF64D00EE567B /* XJProgressView.h */ = {isa = PBXFileReference; fileEncoding = 4; lastKnownFileType = sourcecode.c.h; name = XJProgressView.h; path = "music/Common /View/XJProgressView.h"; sourceTree = SOURCE_ROOT; };
		37E7DCB01F6BF64D00EE567B /* XJProgressView.m */ = {isa = PBXFileReference; fileEncoding = 4; lastKnownFileType = sourcecode.c.objc; name = XJProgressView.m; path = "music/Common /View/XJProgressView.m"; sourceTree = SOURCE_ROOT; };
		37E7DCB21F6C150500EE567B /* Images.xcassets */ = {isa = PBXFileReference; lastKnownFileType = folder.assetcatalog; path = Images.xcassets; sourceTree = "<group>"; };
		37E9EA7C1F66EABD001819E5 /* SongsModel+CoreDataProperties.h */ = {isa = PBXFileReference; fileEncoding = 4; lastKnownFileType = sourcecode.c.h; path = "SongsModel+CoreDataProperties.h"; sourceTree = "<group>"; };
		37E9EA7D1F66EABD001819E5 /* SongsModel+CoreDataProperties.m */ = {isa = PBXFileReference; fileEncoding = 4; lastKnownFileType = sourcecode.c.objc; path = "SongsModel+CoreDataProperties.m"; sourceTree = "<group>"; };
		37E9EA7E1F66EABD001819E5 /* SongsModel.h */ = {isa = PBXFileReference; fileEncoding = 4; lastKnownFileType = sourcecode.c.h; path = SongsModel.h; sourceTree = "<group>"; };
		37E9EA7F1F66EABD001819E5 /* SongsModel.m */ = {isa = PBXFileReference; fileEncoding = 4; lastKnownFileType = sourcecode.c.objc; path = SongsModel.m; sourceTree = "<group>"; };
		4FD4EC54D93F28F4E604D864 /* libPods-music.a */ = {isa = PBXFileReference; explicitFileType = archive.ar; includeInIndex = 0; path = "libPods-music.a"; sourceTree = BUILT_PRODUCTS_DIR; };
		EDF491263D24B50AB541683E /* Pods-music.release.xcconfig */ = {isa = PBXFileReference; includeInIndex = 1; lastKnownFileType = text.xcconfig; name = "Pods-music.release.xcconfig"; path = "Pods/Target Support Files/Pods-music/Pods-music.release.xcconfig"; sourceTree = "<group>"; };
/* End PBXFileReference section */

/* Begin PBXFrameworksBuildPhase section */
		37AC39591F3DA0DB00A6A50F /* Frameworks */ = {
			isa = PBXFrameworksBuildPhase;
			buildActionMask = 2147483647;
			files = (
				BE279A87A507F140AA47A522 /* libPods-music.a in Frameworks */,
			);
			runOnlyForDeploymentPostprocessing = 0;
		};
/* End PBXFrameworksBuildPhase section */

/* Begin PBXGroup section */
		3711179F1F62389E0025C7AD /* CoreData */ = {
			isa = PBXGroup;
			children = (
				371117A01F623ADD0025C7AD /* CoreDataModel.xcdatamodeld */,
				371117A31F6240860025C7AD /* CoreDataManager.h */,
				371117A41F6240860025C7AD /* CoreDataManager.m */,
				37E9EA7C1F66EABD001819E5 /* SongsModel+CoreDataProperties.h */,
				37E9EA7D1F66EABD001819E5 /* SongsModel+CoreDataProperties.m */,
				37E9EA7E1F66EABD001819E5 /* SongsModel.h */,
				37E9EA7F1F66EABD001819E5 /* SongsModel.m */,
				37BB23DF1F702C6D002EBCE1 /* FavoriteModel.h */,
				37BB23E01F702C6D002EBCE1 /* FavoriteModel.m */,
				37BB23E11F702C6D002EBCE1 /* FavoriteModel+CoreDataProperties.h */,
				37BB23E21F702C6D002EBCE1 /* FavoriteModel+CoreDataProperties.m */,
			);
			path = CoreData;
			sourceTree = "<group>";
		};
		37A492791F6CD5BE007301B7 /* exceptionHandler */ = {
			isa = PBXGroup;
			children = (
				37A4927A1F6CD5BE007301B7 /* UncaughtExceptionHandler.h */,
				37A4927B1F6CD5BE007301B7 /* UncaughtExceptionHandler.m */,
			);
			path = exceptionHandler;
			sourceTree = "<group>";
		};
		37A492801F6CF449007301B7 /* Controller */ = {
			isa = PBXGroup;
			children = (
				37A492811F6CF449007301B7 /* XJMLibraryViewController.h */,
				37A492821F6CF449007301B7 /* XJMLibraryViewController.m */,
				373761321F7BD99700917376 /* XJMLibraryDetailVC.h */,
				373761331F7BD99700917376 /* XJMLibraryDetailVC.m */,
			);
			path = Controller;
			sourceTree = "<group>";
		};
		37A492831F6CF449007301B7 /* Model */ = {
			isa = PBXGroup;
			children = (
				373761351F7BDA0900917376 /* XJMLibraryModel.h */,
				373761361F7BDA0900917376 /* XJMLibraryModel.m */,
				373761381F7BDD9F00917376 /* XJMLibraryViewModel.h */,
				373761391F7BDD9F00917376 /* XJMLibraryViewModel.m */,
			);
			path = Model;
			sourceTree = "<group>";
		};
		37A492841F6CF449007301B7 /* View */ = {
			isa = PBXGroup;
			children = (
				37A492881F6CF575007301B7 /* XJLibraryCell.h */,
				37A492891F6CF575007301B7 /* XJLibraryCell.m */,
			);
			path = View;
			sourceTree = "<group>";
		};
		37AC39531F3DA0DB00A6A50F = {
			isa = PBXGroup;
			children = (
				3792FDC81F52ACC300DE9078 /* arrow_left.png */,
				37AC395E1F3DA0DB00A6A50F /* music */,
				37AC395D1F3DA0DB00A6A50F /* Products */,
				44A8CCF934C5D9D724B035A7 /* Pods */,
				C80C6B8F3B8F7703347B6A2A /* Frameworks */,
			);
			sourceTree = "<group>";
		};
		37AC395D1F3DA0DB00A6A50F /* Products */ = {
			isa = PBXGroup;
			children = (
				37AC395C1F3DA0DB00A6A50F /* music.app */,
			);
			name = Products;
			sourceTree = "<group>";
		};
		37AC395E1F3DA0DB00A6A50F /* music */ = {
			isa = PBXGroup;
			children = (
				3711179F1F62389E0025C7AD /* CoreData */,
				37B374561F61A39200E8BA76 /* HomePage */,
				37B374521F61A36D00E8BA76 /* MusicLibrary */,
				37B374481F61A32E00E8BA76 /* Mine */,
				37B3742F1F61A30A00E8BA76 /* Recommendation */,
				37B3740D1F61A2B200E8BA76 /* Common  */,
				37ADB7361F3EED260063F493 /* Categories */,
				37AC39621F3DA0DB00A6A50F /* AppDelegate.h */,
				37AC39631F3DA0DB00A6A50F /* AppDelegate.m */,
				37AC39651F3DA0DB00A6A50F /* ViewController.h */,
				37AC39661F3DA0DB00A6A50F /* ViewController.m */,
				37AC39701F3DA0DB00A6A50F /* Info.plist */,
				37AC395F1F3DA0DB00A6A50F /* Supporting Files */,
			);
			path = music;
			sourceTree = "<group>";
		};
		37AC395F1F3DA0DB00A6A50F /* Supporting Files */ = {
			isa = PBXGroup;
			children = (
				37E7DCB21F6C150500EE567B /* Images.xcassets */,
				37AC39601F3DA0DB00A6A50F /* main.m */,
			);
			name = "Supporting Files";
			sourceTree = "<group>";
		};
		37ADB7361F3EED260063F493 /* Categories */ = {
			isa = PBXGroup;
			children = (
				37748E001F756AF30012E977 /* NSTimer+EOCBlocksSupport.h */,
				37748E011F756AF30012E977 /* NSTimer+EOCBlocksSupport.m */,
				371647641F41A10500828335 /* UIButton+EnlargeTouchArea.h */,
				371647651F41A10500828335 /* UIButton+EnlargeTouchArea.m */,
				37ADB7371F3EED260063F493 /* UIView+Extension.h */,
				37ADB7381F3EED260063F493 /* UIView+Extension.m */,
				3792FDC51F526A5200DE9078 /* UIButton+Extension.h */,
				3792FDC61F526A5200DE9078 /* UIButton+Extension.m */,
				37B23BED1F5AA45200646661 /* NSString+Extension.h */,
				37B23BEE1F5AA45200646661 /* NSString+Extension.m */,
				374DB05A1F5BE819003DE302 /* UIView+Animations.h */,
				374DB05B1F5BE819003DE302 /* UIView+Animations.m */,
			);
			path = Categories;
			sourceTree = "<group>";
		};
		37B3740D1F61A2B200E8BA76 /* Common  */ = {
			isa = PBXGroup;
			children = (
				37A492791F6CD5BE007301B7 /* exceptionHandler */,
				37B3740E1F61A2B200E8BA76 /* Animation */,
				37B374111F61A2B200E8BA76 /* Controller */,
				37B374161F61A2B200E8BA76 /* Model */,
				37B374191F61A2B200E8BA76 /* NetManager */,
				37B3741E1F61A2B200E8BA76 /* Tool */,
				37B374211F61A2B200E8BA76 /* View */,
			);
			name = "Common ";
			path = "common ";
			sourceTree = "<group>";
		};
		37B3740E1F61A2B200E8BA76 /* Animation */ = {
			isa = PBXGroup;
			children = (
				37A492731F6CC4B9007301B7 /* FYMissAnimation.h */,
				37A492741F6CC4B9007301B7 /* FYMissAnimation.m */,
				37A492761F6CC4E4007301B7 /* FYPercentDrivenInteractiveTransition.h */,
				37A492771F6CC4E4007301B7 /* FYPercentDrivenInteractiveTransition.m */,
				37B3740F1F61A2B200E8BA76 /* AnimationTableView.h */,
				37B374101F61A2B200E8BA76 /* AnimationTableView.m */,
			);
			path = Animation;
			sourceTree = "<group>";
		};
		37B374111F61A2B200E8BA76 /* Controller */ = {
			isa = PBXGroup;
			children = (
				37B374121F61A2B200E8BA76 /* XJMainPlayController.h */,
				37B374131F61A2B200E8BA76 /* XJMainPlayController.m */,
				37B374141F61A2B200E8BA76 /* XJTabBarController.h */,
				37B374151F61A2B200E8BA76 /* XJTabBarController.m */,
				377AF83F1F6ABC1700ABCA9A /* XJSuperViewController.h */,
				377AF8401F6ABC1700ABCA9A /* XJSuperViewController.m */,
				37A4927D1F6CD922007301B7 /* XJNavigationController.h */,
				37A4927E1F6CD922007301B7 /* XJNavigationController.m */,
			);
			path = Controller;
			sourceTree = "<group>";
		};
		37B374161F61A2B200E8BA76 /* Model */ = {
			isa = PBXGroup;
			children = (
				37B374171F61A2B200E8BA76 /* BaseViewModel.h */,
				37B374181F61A2B200E8BA76 /* BaseViewModel.m */,
			);
			path = Model;
			sourceTree = "<group>";
		};
		37B374191F61A2B200E8BA76 /* NetManager */ = {
			isa = PBXGroup;
			children = (
				37B3741A1F61A2B200E8BA76 /* XJMoreNetManager.h */,
				37B3741B1F61A2B200E8BA76 /* XJMoreNetManager.m */,
				37B3741C1F61A2B200E8BA76 /* XJNetManager.h */,
				37B3741D1F61A2B200E8BA76 /* XJNetManager.m */,
			);
			path = NetManager;
			sourceTree = "<group>";
		};
		37B3741E1F61A2B200E8BA76 /* Tool */ = {
			isa = PBXGroup;
			children = (
				37B3741F1F61A2B200E8BA76 /* XJPLayManager.h */,
				37B374201F61A2B200E8BA76 /* XJPLayManager.m */,
			);
			path = Tool;
			sourceTree = "<group>";
		};
		37B374211F61A2B200E8BA76 /* View */ = {
			isa = PBXGroup;
			children = (
				377AF8421F6ADE7700ABCA9A /* XJTabBar.h */,
				377AF8431F6ADE7700ABCA9A /* XJTabBar.m */,
				37B374221F61A2B200E8BA76 /* XJMainPlayView.h */,
				37B374231F61A2B200E8BA76 /* XJMainPlayView.m */,
				37B374241F61A2B200E8BA76 /* XJPlayView.h */,
				37B374251F61A2B200E8BA76 /* XJPlayView.m */,
				37E7DCAF1F6BF64D00EE567B /* XJProgressView.h */,
				37E7DCB01F6BF64D00EE567B /* XJProgressView.m */,
			);
			path = View;
			sourceTree = "<group>";
		};
		37B3742F1F61A30A00E8BA76 /* Recommendation */ = {
			isa = PBXGroup;
			children = (
				37B374301F61A30A00E8BA76 /* Controller */,
				37B374371F61A30A00E8BA76 /* Model */,
				37B374381F61A30A00E8BA76 /* View */,
			);
			path = Recommendation;
			sourceTree = "<group>";
		};
		37B374301F61A30A00E8BA76 /* Controller */ = {
			isa = PBXGroup;
			children = (
				37B374311F61A30A00E8BA76 /* XJMiddleViewController.h */,
				37B374321F61A30A00E8BA76 /* XJMiddleViewController.m */,
				37B374331F61A30A00E8BA76 /* XJRecommendViewController.h */,
				37B374341F61A30A00E8BA76 /* XJRecommendViewController.m */,
				37B374351F61A30A00E8BA76 /* XJSongViewController.h */,
				37B374361F61A30A00E8BA76 /* XJSongViewController.m */,
			);
			path = Controller;
			sourceTree = "<group>";
		};
		37B374371F61A30A00E8BA76 /* Model */ = {
			isa = PBXGroup;
			children = (
			);
			path = Model;
			sourceTree = "<group>";
		};
		37B374381F61A30A00E8BA76 /* View */ = {
			isa = PBXGroup;
			children = (
				37D755CE1F68396300C2FCED /* XJRecommendSectionTItle.h */,
				37D755CF1F68396300C2FCED /* XJRecommendSectionTItle.m */,
				37D755D01F68396300C2FCED /* XJRecommendViewCell.h */,
				37D755D11F68396300C2FCED /* XJRecommendViewCell.m */,
				37B374391F61A30A00E8BA76 /* XJBGCollectionViewCell.h */,
				37B3743A1F61A30A00E8BA76 /* XJBGCollectionViewCell.m */,
				37B3743B1F61A30A00E8BA76 /* XJNavigaterView.h */,
				37B3743C1F61A30A00E8BA76 /* XJNavigaterView.m */,
				37B3743D1F61A30A00E8BA76 /* XJSongCell.h */,
				37B3743E1F61A30A00E8BA76 /* XJSongCell.m */,
				37B3743F1F61A30A00E8BA76 /* XJSongHeaderView.h */,
				37B374401F61A30A00E8BA76 /* XJSongHeaderView.m */,
			);
			path = View;
			sourceTree = "<group>";
		};
		37B374481F61A32E00E8BA76 /* Mine */ = {
			isa = PBXGroup;
			children = (
				37B374491F61A32E00E8BA76 /* Controller */,
				37B3744C1F61A32E00E8BA76 /* Model */,
				37B3744D1F61A32E00E8BA76 /* View */,
			);
			path = Mine;
			sourceTree = "<group>";
		};
		37B374491F61A32E00E8BA76 /* Controller */ = {
			isa = PBXGroup;
			children = (
				37B3744A1F61A32E00E8BA76 /* XJMyViewController.h */,
				37B3744B1F61A32E00E8BA76 /* XJMyViewController.m */,
				37D755C81F68375200C2FCED /* XJHistory_Favorite_VC.h */,
				37D755C91F68375200C2FCED /* XJHistory_Favorite_VC.m */,
			);
			path = Controller;
			sourceTree = "<group>";
		};
		37B3744C1F61A32E00E8BA76 /* Model */ = {
			isa = PBXGroup;
			children = (
			);
			path = Model;
			sourceTree = "<group>";
		};
		37B3744D1F61A32E00E8BA76 /* View */ = {
			isa = PBXGroup;
			children = (
				37B3744E1F61A32E00E8BA76 /* XJMyTableViewCell.h */,
				37B3744F1F61A32E00E8BA76 /* XJMyTableViewCell.m */,
				37D755CB1F68377900C2FCED /* XJHistory_Favorite_Cell.h */,
				37D755CC1F68377900C2FCED /* XJHistory_Favorite_Cell.m */,
				37B337321F73BD44006CD8C3 /* XJShutInTime.h */,
				37B337331F73BD44006CD8C3 /* XJShutInTime.m */,
				37748DFD1F750A950012E977 /* XJShutInTimeCell.h */,
				37748DFE1F750A950012E977 /* XJShutInTimeCell.m */,
				375D57901F78F61A007C178E /* XJCountTimer.h */,
				375D57911F78F61A007C178E /* XJCountTimer.m */,
			);
			path = View;
			sourceTree = "<group>";
		};
		37B374521F61A36D00E8BA76 /* MusicLibrary */ = {
			isa = PBXGroup;
			children = (
				37A492861F6CF510007301B7 /* categoryData.plist */,
				37A492801F6CF449007301B7 /* Controller */,
				37A492831F6CF449007301B7 /* Model */,
				37A492841F6CF449007301B7 /* View */,
			);
			path = MusicLibrary;
			sourceTree = "<group>";
		};
		37B374561F61A39200E8BA76 /* HomePage */ = {
			isa = PBXGroup;
			children = (
				37B374571F61A39200E8BA76 /* Model */,
				37B374641F61A39200E8BA76 /* View */,
				37B3746B1F61A39200E8BA76 /* ViewController */,
			);
			path = HomePage;
			sourceTree = "<group>";
		};
		37B374571F61A39200E8BA76 /* Model */ = {
			isa = PBXGroup;
			children = (
				37B374581F61A39200E8BA76 /* ContentsModel.h */,
				37B374591F61A39200E8BA76 /* ContentsModel.m */,
				37B3745A1F61A39200E8BA76 /* DestinationModel.h */,
				37B3745B1F61A39200E8BA76 /* DestinationModel.m */,
				37B3745C1F61A39200E8BA76 /* MoreContentViewModel.h */,
				37B3745D1F61A39200E8BA76 /* MoreContentViewModel.m */,
				37B3745E1F61A39200E8BA76 /* NewCategoryModel.h */,
				37B3745F1F61A39200E8BA76 /* NewCategoryModel.m */,
				37B374601F61A39200E8BA76 /* NewContentViewModel.h */,
				37B374611F61A39200E8BA76 /* NewContentViewModel.m */,
				37B374621F61A39200E8BA76 /* TracksViewModel.h */,
				37B374631F61A39200E8BA76 /* TracksViewModel.m */,
			);
			path = Model;
			sourceTree = "<group>";
		};
		37B374641F61A39200E8BA76 /* View */ = {
			isa = PBXGroup;
			children = (
				37B374651F61A39200E8BA76 /* XJMainTableViewCell.h */,
				37B374661F61A39200E8BA76 /* XJMainTableViewCell.m */,
			);
			path = View;
			sourceTree = "<group>";
		};
		37B3746B1F61A39200E8BA76 /* ViewController */ = {
			isa = PBXGroup;
			children = (
				37B3746C1F61A39200E8BA76 /* tsts.h */,
				37B3746D1F61A39200E8BA76 /* XJMainViewController.h */,
				37B3746E1F61A39200E8BA76 /* XJMainViewController.m */,
			);
			path = ViewController;
			sourceTree = "<group>";
		};
		44A8CCF934C5D9D724B035A7 /* Pods */ = {
			isa = PBXGroup;
			children = (
				0D70799529089053D333F85E /* Pods-music.debug.xcconfig */,
				EDF491263D24B50AB541683E /* Pods-music.release.xcconfig */,
			);
			name = Pods;
			sourceTree = "<group>";
		};
		C80C6B8F3B8F7703347B6A2A /* Frameworks */ = {
			isa = PBXGroup;
			children = (
				37ADB7351F3EEB890063F493 /* PrefixHeader.pch */,
				37556E761F586E8B00B65CFB /* MacroHeader.h */,
				4FD4EC54D93F28F4E604D864 /* libPods-music.a */,
			);
			name = Frameworks;
			sourceTree = "<group>";
		};
/* End PBXGroup section */

/* Begin PBXNativeTarget section */
		37AC395B1F3DA0DB00A6A50F /* music */ = {
			isa = PBXNativeTarget;
			buildConfigurationList = 37AC39731F3DA0DB00A6A50F /* Build configuration list for PBXNativeTarget "music" */;
			buildPhases = (
				C35DB984118E72F4EF19006E /* [CP] Check Pods Manifest.lock */,
				37AC39581F3DA0DB00A6A50F /* Sources */,
				37AC39591F3DA0DB00A6A50F /* Frameworks */,
				37AC395A1F3DA0DB00A6A50F /* Resources */,
				7C7B12AE3DAAF6898FD8A5A5 /* [CP] Embed Pods Frameworks */,
				168B3AFF5C6951955848995D /* [CP] Copy Pods Resources */,
			);
			buildRules = (
			);
			dependencies = (
			);
			name = music;
			productName = music;
			productReference = 37AC395C1F3DA0DB00A6A50F /* music.app */;
			productType = "com.apple.product-type.application";
		};
/* End PBXNativeTarget section */

/* Begin PBXProject section */
		37AC39541F3DA0DB00A6A50F /* Project object */ = {
			isa = PBXProject;
			attributes = {
				LastUpgradeCheck = 0830;
				ORGANIZATIONNAME = "肖金兴";
				TargetAttributes = {
					37AC395B1F3DA0DB00A6A50F = {
						CreatedOnToolsVersion = 8.3.3;
						DevelopmentTeam = 8VYEXZB37H;
						ProvisioningStyle = Manual;
					};
				};
			};
			buildConfigurationList = 37AC39571F3DA0DB00A6A50F /* Build configuration list for PBXProject "music" */;
			compatibilityVersion = "Xcode 3.2";
			developmentRegion = English;
			hasScannedForEncodings = 0;
			knownRegions = (
				en,
				Base,
			);
			mainGroup = 37AC39531F3DA0DB00A6A50F;
			productRefGroup = 37AC395D1F3DA0DB00A6A50F /* Products */;
			projectDirPath = "";
			projectRoot = "";
			targets = (
				37AC395B1F3DA0DB00A6A50F /* music */,
			);
		};
/* End PBXProject section */

/* Begin PBXResourcesBuildPhase section */
		37AC395A1F3DA0DB00A6A50F /* Resources */ = {
			isa = PBXResourcesBuildPhase;
			buildActionMask = 2147483647;
			files = (
				37A492871F6CF510007301B7 /* categoryData.plist in Resources */,
				3792FDC91F52ACC300DE9078 /* arrow_left.png in Resources */,
				37E7DCB31F6C150500EE567B /* Images.xcassets in Resources */,
			);
			runOnlyForDeploymentPostprocessing = 0;
		};
/* End PBXResourcesBuildPhase section */

/* Begin PBXShellScriptBuildPhase section */
		168B3AFF5C6951955848995D /* [CP] Copy Pods Resources */ = {
			isa = PBXShellScriptBuildPhase;
			buildActionMask = 2147483647;
			files = (
			);
			inputPaths = (
			);
			name = "[CP] Copy Pods Resources";
			outputPaths = (
			);
			runOnlyForDeploymentPostprocessing = 0;
			shellPath = /bin/sh;
			shellScript = "\"${SRCROOT}/Pods/Target Support Files/Pods-music/Pods-music-resources.sh\"\n";
			showEnvVarsInLog = 0;
		};
		7C7B12AE3DAAF6898FD8A5A5 /* [CP] Embed Pods Frameworks */ = {
			isa = PBXShellScriptBuildPhase;
			buildActionMask = 2147483647;
			files = (
			);
			inputPaths = (
			);
			name = "[CP] Embed Pods Frameworks";
			outputPaths = (
			);
			runOnlyForDeploymentPostprocessing = 0;
			shellPath = /bin/sh;
			shellScript = "\"${SRCROOT}/Pods/Target Support Files/Pods-music/Pods-music-frameworks.sh\"\n";
			showEnvVarsInLog = 0;
		};
		C35DB984118E72F4EF19006E /* [CP] Check Pods Manifest.lock */ = {
			isa = PBXShellScriptBuildPhase;
			buildActionMask = 2147483647;
			files = (
			);
			inputPaths = (
			);
			name = "[CP] Check Pods Manifest.lock";
			outputPaths = (
			);
			runOnlyForDeploymentPostprocessing = 0;
			shellPath = /bin/sh;
			shellScript = "diff \"${PODS_ROOT}/../Podfile.lock\" \"${PODS_ROOT}/Manifest.lock\" > /dev/null\nif [[ $? != 0 ]] ; then\n    cat << EOM\nerror: The sandbox is not in sync with the Podfile.lock. Run 'pod install' or update your CocoaPods installation.\nEOM\n    exit 1\nfi\n";
			showEnvVarsInLog = 0;
		};
/* End PBXShellScriptBuildPhase section */

/* Begin PBXSourcesBuildPhase section */
		37AC39581F3DA0DB00A6A50F /* Sources */ = {
			isa = PBXSourcesBuildPhase;
			buildActionMask = 2147483647;
			files = (
				371117A21F623ADD0025C7AD /* CoreDataModel.xcdatamodeld in Sources */,
				373761341F7BD99700917376 /* XJMLibraryDetailVC.m in Sources */,
				37AC39671F3DA0DB00A6A50F /* ViewController.m in Sources */,
				377AF8411F6ABC1700ABCA9A /* XJSuperViewController.m in Sources */,
				37B374731F61A39200E8BA76 /* NewContentViewModel.m in Sources */,
				377AF8441F6ADE7700ABCA9A /* XJTabBar.m in Sources */,
				37D755D31F68396300C2FCED /* XJRecommendViewCell.m in Sources */,
				37B374511F61A32E00E8BA76 /* XJMyTableViewCell.m in Sources */,
				37B3742E1F61A2B200E8BA76 /* XJPlayView.m in Sources */,
				37B374411F61A30A00E8BA76 /* XJMiddleViewController.m in Sources */,
				37E7DCB11F6BF64D00EE567B /* XJProgressView.m in Sources */,
				37B374271F61A2B200E8BA76 /* XJMainPlayController.m in Sources */,
				37B374501F61A32E00E8BA76 /* XJMyViewController.m in Sources */,
				37B374441F61A30A00E8BA76 /* XJBGCollectionViewCell.m in Sources */,
				37B374261F61A2B200E8BA76 /* AnimationTableView.m in Sources */,
				37D755CA1F68375200C2FCED /* XJHistory_Favorite_VC.m in Sources */,
				3737613A1F7BDD9F00917376 /* XJMLibraryViewModel.m in Sources */,
				3792FDC71F526A5200DE9078 /* UIButton+Extension.m in Sources */,
				37B374431F61A30A00E8BA76 /* XJSongViewController.m in Sources */,
				37A492781F6CC4E4007301B7 /* FYPercentDrivenInteractiveTransition.m in Sources */,
				373761371F7BDA0900917376 /* XJMLibraryModel.m in Sources */,
				374DB05C1F5BE819003DE302 /* UIView+Animations.m in Sources */,
				37BB23E31F702C6D002EBCE1 /* FavoriteModel.m in Sources */,
				37B374451F61A30A00E8BA76 /* XJNavigaterView.m in Sources */,
				37748DFF1F750A950012E977 /* XJShutInTimeCell.m in Sources */,
				37AC39641F3DA0DB00A6A50F /* AppDelegate.m in Sources */,
				37D755D21F68396300C2FCED /* XJRecommendSectionTItle.m in Sources */,
				37AC39611F3DA0DB00A6A50F /* main.m in Sources */,
				37B3742D1F61A2B200E8BA76 /* XJMainPlayView.m in Sources */,
				37B374721F61A39200E8BA76 /* NewCategoryModel.m in Sources */,
				37B3742B1F61A2B200E8BA76 /* XJNetManager.m in Sources */,
				37748E021F756AF30012E977 /* NSTimer+EOCBlocksSupport.m in Sources */,
				37B3746F1F61A39200E8BA76 /* ContentsModel.m in Sources */,
				37ADB7391F3EED260063F493 /* UIView+Extension.m in Sources */,
				37B374421F61A30A00E8BA76 /* XJRecommendViewController.m in Sources */,
				37E9EA801F66EABD001819E5 /* SongsModel+CoreDataProperties.m in Sources */,
				37B3742C1F61A2B200E8BA76 /* XJPLayManager.m in Sources */,
				37A492751F6CC4B9007301B7 /* FYMissAnimation.m in Sources */,
				37D755CD1F68377900C2FCED /* XJHistory_Favorite_Cell.m in Sources */,
				37B374291F61A2B200E8BA76 /* BaseViewModel.m in Sources */,
				37E9EA811F66EABD001819E5 /* SongsModel.m in Sources */,
				37B374461F61A30A00E8BA76 /* XJSongCell.m in Sources */,
				375D57921F78F61A007C178E /* XJCountTimer.m in Sources */,
				37B337341F73BD44006CD8C3 /* XJShutInTime.m in Sources */,
				371117A51F6240860025C7AD /* CoreDataManager.m in Sources */,
				37BB23E41F702C6D002EBCE1 /* FavoriteModel+CoreDataProperties.m in Sources */,
				37B374711F61A39200E8BA76 /* MoreContentViewModel.m in Sources */,
				37A4927F1F6CD922007301B7 /* XJNavigationController.m in Sources */,
				37B374751F61A39200E8BA76 /* XJMainTableViewCell.m in Sources */,
				37B374701F61A39200E8BA76 /* DestinationModel.m in Sources */,
				37B23BEF1F5AA45200646661 /* NSString+Extension.m in Sources */,
				37B374471F61A30A00E8BA76 /* XJSongHeaderView.m in Sources */,
				371647661F41A10500828335 /* UIButton+EnlargeTouchArea.m in Sources */,
				37B374281F61A2B200E8BA76 /* XJTabBarController.m in Sources */,
				37B3742A1F61A2B200E8BA76 /* XJMoreNetManager.m in Sources */,
				37B374741F61A39200E8BA76 /* TracksViewModel.m in Sources */,
				37A4927C1F6CD5BE007301B7 /* UncaughtExceptionHandler.m in Sources */,
				37A492851F6CF449007301B7 /* XJMLibraryViewController.m in Sources */,
				37A4928A1F6CF575007301B7 /* XJLibraryCell.m in Sources */,
				37B374781F61A39200E8BA76 /* XJMainViewController.m in Sources */,
			);
			runOnlyForDeploymentPostprocessing = 0;
		};
/* End PBXSourcesBuildPhase section */

/* Begin XCBuildConfiguration section */
		37AC39711F3DA0DB00A6A50F /* Debug */ = {
			isa = XCBuildConfiguration;
			buildSettings = {
				ALWAYS_SEARCH_USER_PATHS = NO;
				CLANG_ANALYZER_NONNULL = YES;
				CLANG_ANALYZER_NUMBER_OBJECT_CONVERSION = YES_AGGRESSIVE;
				CLANG_CXX_LANGUAGE_STANDARD = "gnu++0x";
				CLANG_CXX_LIBRARY = "libc++";
				CLANG_ENABLE_MODULES = YES;
				CLANG_ENABLE_OBJC_ARC = YES;
				CLANG_WARN_BOOL_CONVERSION = YES;
				CLANG_WARN_CONSTANT_CONVERSION = YES;
				CLANG_WARN_DIRECT_OBJC_ISA_USAGE = YES_ERROR;
				CLANG_WARN_DOCUMENTATION_COMMENTS = YES;
				CLANG_WARN_EMPTY_BODY = YES;
				CLANG_WARN_ENUM_CONVERSION = YES;
				CLANG_WARN_INFINITE_RECURSION = YES;
				CLANG_WARN_INT_CONVERSION = YES;
				CLANG_WARN_OBJC_ROOT_CLASS = YES_ERROR;
				CLANG_WARN_SUSPICIOUS_MOVE = YES;
				CLANG_WARN_UNREACHABLE_CODE = YES;
				CLANG_WARN__DUPLICATE_METHOD_MATCH = YES;
				"CODE_SIGN_IDENTITY[sdk=iphoneos*]" = "iPhone Developer";
				COPY_PHASE_STRIP = NO;
				DEBUG_INFORMATION_FORMAT = dwarf;
				ENABLE_STRICT_OBJC_MSGSEND = YES;
				ENABLE_TESTABILITY = YES;
				GCC_C_LANGUAGE_STANDARD = gnu99;
				GCC_DYNAMIC_NO_PIC = NO;
				GCC_NO_COMMON_BLOCKS = YES;
				GCC_OPTIMIZATION_LEVEL = 0;
				GCC_PREPROCESSOR_DEFINITIONS = (
					"DEBUG=1",
					"$(inherited)",
				);
				GCC_WARN_64_TO_32_BIT_CONVERSION = YES;
				GCC_WARN_ABOUT_RETURN_TYPE = YES_ERROR;
				GCC_WARN_UNDECLARED_SELECTOR = YES;
				GCC_WARN_UNINITIALIZED_AUTOS = YES_AGGRESSIVE;
				GCC_WARN_UNUSED_FUNCTION = YES;
				GCC_WARN_UNUSED_VARIABLE = YES;
				IPHONEOS_DEPLOYMENT_TARGET = 10.3;
				MTL_ENABLE_DEBUG_INFO = YES;
				ONLY_ACTIVE_ARCH = YES;
				SDKROOT = iphoneos;
				TARGETED_DEVICE_FAMILY = "1,2";
			};
			name = Debug;
		};
		37AC39721F3DA0DB00A6A50F /* Release */ = {
			isa = XCBuildConfiguration;
			buildSettings = {
				ALWAYS_SEARCH_USER_PATHS = NO;
				CLANG_ANALYZER_NONNULL = YES;
				CLANG_ANALYZER_NUMBER_OBJECT_CONVERSION = YES_AGGRESSIVE;
				CLANG_CXX_LANGUAGE_STANDARD = "gnu++0x";
				CLANG_CXX_LIBRARY = "libc++";
				CLANG_ENABLE_MODULES = YES;
				CLANG_ENABLE_OBJC_ARC = YES;
				CLANG_WARN_BOOL_CONVERSION = YES;
				CLANG_WARN_CONSTANT_CONVERSION = YES;
				CLANG_WARN_DIRECT_OBJC_ISA_USAGE = YES_ERROR;
				CLANG_WARN_DOCUMENTATION_COMMENTS = YES;
				CLANG_WARN_EMPTY_BODY = YES;
				CLANG_WARN_ENUM_CONVERSION = YES;
				CLANG_WARN_INFINITE_RECURSION = YES;
				CLANG_WARN_INT_CONVERSION = YES;
				CLANG_WARN_OBJC_ROOT_CLASS = YES_ERROR;
				CLANG_WARN_SUSPICIOUS_MOVE = YES;
				CLANG_WARN_UNREACHABLE_CODE = YES;
				CLANG_WARN__DUPLICATE_METHOD_MATCH = YES;
				"CODE_SIGN_IDENTITY[sdk=iphoneos*]" = "iPhone Developer";
				COPY_PHASE_STRIP = NO;
				DEBUG_INFORMATION_FORMAT = "dwarf-with-dsym";
				ENABLE_NS_ASSERTIONS = NO;
				ENABLE_STRICT_OBJC_MSGSEND = YES;
				GCC_C_LANGUAGE_STANDARD = gnu99;
				GCC_NO_COMMON_BLOCKS = YES;
				GCC_WARN_64_TO_32_BIT_CONVERSION = YES;
				GCC_WARN_ABOUT_RETURN_TYPE = YES_ERROR;
				GCC_WARN_UNDECLARED_SELECTOR = YES;
				GCC_WARN_UNINITIALIZED_AUTOS = YES_AGGRESSIVE;
				GCC_WARN_UNUSED_FUNCTION = YES;
				GCC_WARN_UNUSED_VARIABLE = YES;
				IPHONEOS_DEPLOYMENT_TARGET = 10.3;
				MTL_ENABLE_DEBUG_INFO = NO;
				SDKROOT = iphoneos;
				TARGETED_DEVICE_FAMILY = "1,2";
				VALIDATE_PRODUCT = YES;
			};
			name = Release;
		};
		37AC39741F3DA0DB00A6A50F /* Debug */ = {
			isa = XCBuildConfiguration;
			baseConfigurationReference = 0D70799529089053D333F85E /* Pods-music.debug.xcconfig */;
			buildSettings = {
				ASSETCATALOG_COMPILER_APPICON_NAME = AppIcon;
				ASSETCATALOG_COMPILER_LAUNCHIMAGE_NAME = LaunchImage;
				CODE_SIGN_IDENTITY = "iPhone Developer";
				"CODE_SIGN_IDENTITY[sdk=iphoneos*]" = "iPhone Developer";
				CODE_SIGN_STYLE = Manual;
				DEVELOPMENT_TEAM = 8VYEXZB37H;
				GCC_PREFIX_HEADER = PrefixHeader.pch;
				INFOPLIST_FILE = music/Info.plist;
				IPHONEOS_DEPLOYMENT_TARGET = 8.0;
				LD_RUNPATH_SEARCH_PATHS = "$(inherited) @executable_path/Frameworks";
				PRODUCT_BUNDLE_IDENTIFIER = com.xiaodaye.onePoint;
				PRODUCT_NAME = "$(TARGET_NAME)";
				PROVISIONING_PROFILE = "05fef99a-1981-41ca-900b-c597ee8b820c";
				PROVISIONING_PROFILE_SPECIFIER = "commontest-development";
				TARGETED_DEVICE_FAMILY = 1;
				USER_HEADER_SEARCH_PATHS = "";
			};
			name = Debug;
		};
		37AC39751F3DA0DB00A6A50F /* Release */ = {
			isa = XCBuildConfiguration;
			baseConfigurationReference = EDF491263D24B50AB541683E /* Pods-music.release.xcconfig */;
			buildSettings = {
				ASSETCATALOG_COMPILER_APPICON_NAME = AppIcon;
				ASSETCATALOG_COMPILER_LAUNCHIMAGE_NAME = LaunchImage;
				CODE_SIGN_IDENTITY = "iPhone Developer";
				"CODE_SIGN_IDENTITY[sdk=iphoneos*]" = "iPhone Distribution";
				CODE_SIGN_STYLE = Manual;
				DEVELOPMENT_TEAM = 8VYEXZB37H;
				GCC_PREFIX_HEADER = PrefixHeader.pch;
				INFOPLIST_FILE = music/Info.plist;
				IPHONEOS_DEPLOYMENT_TARGET = 8.0;
				LD_RUNPATH_SEARCH_PATHS = "$(inherited) @executable_path/Frameworks";
				PRODUCT_BUNDLE_IDENTIFIER = com.xiaodaye.onePoint;
				PRODUCT_NAME = "$(TARGET_NAME)";
				PROVISIONING_PROFILE = "0efa2f86-350c-4b8f-bf45-38c02ec59e7b";
				PROVISIONING_PROFILE_SPECIFIER = XiaoDayeMusicDistribution;
				TARGETED_DEVICE_FAMILY = 1;
				USER_HEADER_SEARCH_PATHS = "";
			};
			name = Release;
		};
/* End XCBuildConfiguration section */

/* Begin XCConfigurationList section */
		37AC39571F3DA0DB00A6A50F /* Build configuration list for PBXProject "music" */ = {
			isa = XCConfigurationList;
			buildConfigurations = (
				37AC39711F3DA0DB00A6A50F /* Debug */,
				37AC39721F3DA0DB00A6A50F /* Release */,
			);
			defaultConfigurationIsVisible = 0;
			defaultConfigurationName = Release;
		};
		37AC39731F3DA0DB00A6A50F /* Build configuration list for PBXNativeTarget "music" */ = {
			isa = XCConfigurationList;
			buildConfigurations = (
				37AC39741F3DA0DB00A6A50F /* Debug */,
				37AC39751F3DA0DB00A6A50F /* Release */,
			);
			defaultConfigurationIsVisible = 0;
			defaultConfigurationName = Release;
		};
/* End XCConfigurationList section */

/* Begin XCVersionGroup section */
		371117A01F623ADD0025C7AD /* CoreDataModel.xcdatamodeld */ = {
			isa = XCVersionGroup;
			children = (
				371117A11F623ADD0025C7AD /* CoreDataModel.xcdatamodel */,
			);
			currentVersion = 371117A11F623ADD0025C7AD /* CoreDataModel.xcdatamodel */;
			path = CoreDataModel.xcdatamodeld;
			sourceTree = "<group>";
			versionGroupType = wrapper.xcdatamodel;
		};
/* End XCVersionGroup section */
	};
	rootObject = 37AC39541F3DA0DB00A6A50F /* Project object */;
}
