// !$*UTF8*$!
{
	archiveVersion = 1;
	classes = {
	};
	objectVersion = 46;
	objects = {

/* Begin PBXBuildFile section */
		37AC39611F3DA0DB00A6A50F /* main.m in Sources */ = {isa = PBXBuildFile; fileRef = 37AC39601F3DA0DB00A6A50F /* main.m */; };
		37AC39641F3DA0DB00A6A50F /* AppDelegate.m in Sources */ = {isa = PBXBuildFile; fileRef = 37AC39631F3DA0DB00A6A50F /* AppDelegate.m */; };
		37AC39671F3DA0DB00A6A50F /* ViewController.m in Sources */ = {isa = PBXBuildFile; fileRef = 37AC39661F3DA0DB00A6A50F /* ViewController.m */; };
		37AC396A1F3DA0DB00A6A50F /* Main.storyboard in Resources */ = {isa = PBXBuildFile; fileRef = 37AC39681F3DA0DB00A6A50F /* Main.storyboard */; };
		37AC396C1F3DA0DB00A6A50F /* Assets.xcassets in Resources */ = {isa = PBXBuildFile; fileRef = 37AC396B1F3DA0DB00A6A50F /* Assets.xcassets */; };
		37AC396F1F3DA0DB00A6A50F /* LaunchScreen.storyboard in Resources */ = {isa = PBXBuildFile; fileRef = 37AC396D1F3DA0DB00A6A50F /* LaunchScreen.storyboard */; };
/* End PBXBuildFile section */

/* Begin PBXFileReference section */
		37AC395C1F3DA0DB00A6A50F /* music.app */ = {isa = PBXFileReference; explicitFileType = wrapper.application; includeInIndex = 0; path = music.app; sourceTree = BUILT_PRODUCTS_DIR; };
		37AC39601F3DA0DB00A6A50F /* main.m */ = {isa = PBXFileReference; lastKnownFileType = sourcecode.c.objc; path = main.m; sourceTree = "<group>"; };
		37AC39621F3DA0DB00A6A50F /* AppDelegate.h */ = {isa = PBXFileReference; lastKnownFileType = sourcecode.c.h; path = AppDelegate.h; sourceTree = "<group>"; };
		37AC39631F3DA0DB00A6A50F /* AppDelegate.m */ = {isa = PBXFileReference; lastKnownFileType = sourcecode.c.objc; path = AppDelegate.m; sourceTree = "<group>"; };
		37AC39651F3DA0DB00A6A50F /* ViewController.h */ = {isa = PBXFileReference; lastKnownFileType = sourcecode.c.h; path = ViewController.h; sourceTree = "<group>"; };
		37AC39661F3DA0DB00A6A50F /* ViewController.m */ = {isa = PBXFileReference; lastKnownFileType = sourcecode.c.objc; path = ViewController.m; sourceTree = "<group>"; };
		37AC39691F3DA0DB00A6A50F /* Base */ = {isa = PBXFileReference; lastKnownFileType = file.storyboard; name = Base; path = Base.lproj/Main.storyboard; sourceTree = "<group>"; };
		37AC396B1F3DA0DB00A6A50F /* Assets.xcassets */ = {isa = PBXFileReference; lastKnownFileType = folder.assetcatalog; path = Assets.xcassets; sourceTree = "<group>"; };
		37AC396E1F3DA0DB00A6A50F /* Base */ = {isa = PBXFileReference; lastKnownFileType = file.storyboard; name = Base; path = Base.lproj/LaunchScreen.storyboard; sourceTree = "<group>"; };
		37AC39701F3DA0DB00A6A50F /* Info.plist */ = {isa = PBXFileReference; lastKnownFileType = text.plist.xml; path = Info.plist; sourceTree = "<group>"; };
/* End PBXFileReference section */

/* Begin PBXFrameworksBuildPhase section */
		37AC39591F3DA0DB00A6A50F /* Frameworks */ = {
			isa = PBXFrameworksBuildPhase;
			buildActionMask = 2147483647;
			files = (
			);
			runOnlyForDeploymentPostprocessing = 0;
		};
/* End PBXFrameworksBuildPhase section */

/* Begin PBXGroup section */
		37AC39531F3DA0DB00A6A50F = {
			isa = PBXGroup;
			children = (
				37AC395E1F3DA0DB00A6A50F /* music */,
				37AC395D1F3DA0DB00A6A50F /* Products */,
			);
			sourceTree = "<group>";
		};
		37AC395D1F3DA0DB00A6A50F /* Products */ = {
			isa = PBXGroup;
			children = (
				37AC395C1F3DA0DB00A6A50F /* music.app */,
			);
			name = Products;
			sourceTree = "<group>";
		};
		37AC395E1F3DA0DB00A6A50F /* music */ = {
			isa = PBXGroup;
			children = (
				37AC39621F3DA0DB00A6A50F /* AppDelegate.h */,
				37AC39631F3DA0DB00A6A50F /* AppDelegate.m */,
				37AC39651F3DA0DB00A6A50F /* ViewController.h */,
				37AC39661F3DA0DB00A6A50F /* ViewController.m */,
				37AC39681F3DA0DB00A6A50F /* Main.storyboard */,
				37AC396B1F3DA0DB00A6A50F /* Assets.xcassets */,
				37AC396D1F3DA0DB00A6A50F /* LaunchScreen.storyboard */,
				37AC39701F3DA0DB00A6A50F /* Info.plist */,
				37AC395F1F3DA0DB00A6A50F /* Supporting Files */,
			);
			path = music;
			sourceTree = "<group>";
		};
		37AC395F1F3DA0DB00A6A50F /* Supporting Files */ = {
			isa = PBXGroup;
			children = (
				37AC39601F3DA0DB00A6A50F /* main.m */,
			);
			name = "Supporting Files";
			sourceTree = "<group>";
		};
/* End PBXGroup section */

/* Begin PBXNativeTarget section */
		37AC395B1F3DA0DB00A6A50F /* music */ = {
			isa = PBXNativeTarget;
			buildConfigurationList = 37AC39731F3DA0DB00A6A50F /* Build configuration list for PBXNativeTarget "music" */;
			buildPhases = (
				37AC39581F3DA0DB00A6A50F /* Sources */,
				37AC39591F3DA0DB00A6A50F /* Frameworks */,
				37AC395A1F3DA0DB00A6A50F /* Resources */,
			);
			buildRules = (
			);
			dependencies = (
			);
			name = music;
			productName = music;
			productReference = 37AC395C1F3DA0DB00A6A50F /* music.app */;
			productType = "com.apple.product-type.application";
		};
/* End PBXNativeTarget section */

/* Begin PBXProject section */
		37AC39541F3DA0DB00A6A50F /* Project object */ = {
			isa = PBXProject;
			attributes = {
				LastUpgradeCheck = 0830;
				ORGANIZATIONNAME = "肖金兴";
				TargetAttributes = {
					37AC395B1F3DA0DB00A6A50F = {
						CreatedOnToolsVersion = 8.3.3;
						ProvisioningStyle = Automatic;
					};
				};
			};
			buildConfigurationList = 37AC39571F3DA0DB00A6A50F /* Build configuration list for PBXProject "music" */;
			compatibilityVersion = "Xcode 3.2";
			developmentRegion = English;
			hasScannedForEncodings = 0;
			knownRegions = (
				en,
				Base,
			);
			mainGroup = 37AC39531F3DA0DB00A6A50F;
			productRefGroup = 37AC395D1F3DA0DB00A6A50F /* Products */;
			projectDirPath = "";
			projectRoot = "";
			targets = (
				37AC395B1F3DA0DB00A6A50F /* music */,
			);
		};
/* End PBXProject section */

/* Begin PBXResourcesBuildPhase section */
		37AC395A1F3DA0DB00A6A50F /* Resources */ = {
			isa = PBXResourcesBuildPhase;
			buildActionMask = 2147483647;
			files = (
				37AC396F1F3DA0DB00A6A50F /* LaunchScreen.storyboard in Resources */,
				37AC396C1F3DA0DB00A6A50F /* Assets.xcassets in Resources */,
				37AC396A1F3DA0DB00A6A50F /* Main.storyboard in Resources */,
			);
			runOnlyForDeploymentPostprocessing = 0;
		};
/* End PBXResourcesBuildPhase section */

/* Begin PBXSourcesBuildPhase section */
		37AC39581F3DA0DB00A6A50F /* Sources */ = {
			isa = PBXSourcesBuildPhase;
			buildActionMask = 2147483647;
			files = (
				37AC39671F3DA0DB00A6A50F /* ViewController.m in Sources */,
				37AC39641F3DA0DB00A6A50F /* AppDelegate.m in Sources */,
				37AC39611F3DA0DB00A6A50F /* main.m in Sources */,
			);
			runOnlyForDeploymentPostprocessing = 0;
		};
/* End PBXSourcesBuildPhase section */

/* Begin PBXVariantGroup section */
		37AC39681F3DA0DB00A6A50F /* Main.storyboard */ = {
			isa = PBXVariantGroup;
			children = (
				37AC39691F3DA0DB00A6A50F /* Base */,
			);
			name = Main.storyboard;
			sourceTree = "<group>";
		};
		37AC396D1F3DA0DB00A6A50F /* LaunchScreen.storyboard */ = {
			isa = PBXVariantGroup;
			children = (
				37AC396E1F3DA0DB00A6A50F /* Base */,
			);
			name = LaunchScreen.storyboard;
			sourceTree = "<group>";
		};
/* End PBXVariantGroup section */

/* Begin XCBuildConfiguration section */
		37AC39711F3DA0DB00A6A50F /* Debug */ = {
			isa = XCBuildConfiguration;
			buildSettings = {
				ALWAYS_SEARCH_USER_PATHS = NO;
				CLANG_ANALYZER_NONNULL = YES;
				CLANG_ANALYZER_NUMBER_OBJECT_CONVERSION = YES_AGGRESSIVE;
				CLANG_CXX_LANGUAGE_STANDARD = "gnu++0x";
				CLANG_CXX_LIBRARY = "libc++";
				CLANG_ENABLE_MODULES = YES;
				CLANG_ENABLE_OBJC_ARC = YES;
				CLANG_WARN_BOOL_CONVERSION = YES;
				CLANG_WARN_CONSTANT_CONVERSION = YES;
				CLANG_WARN_DIRECT_OBJC_ISA_USAGE = YES_ERROR;
				CLANG_WARN_DOCUMENTATION_COMMENTS = YES;
				CLANG_WARN_EMPTY_BODY = YES;
				CLANG_WARN_ENUM_CONVERSION = YES;
				CLANG_WARN_INFINITE_RECURSION = YES;
				CLANG_WARN_INT_CONVERSION = YES;
				CLANG_WARN_OBJC_ROOT_CLASS = YES_ERROR;
				CLANG_WARN_SUSPICIOUS_MOVE = YES;
				CLANG_WARN_UNREACHABLE_CODE = YES;
				CLANG_WARN__DUPLICATE_METHOD_MATCH = YES;
				"CODE_SIGN_IDENTITY[sdk=iphoneos*]" = "iPhone Developer";
				COPY_PHASE_STRIP = NO;
				DEBUG_INFORMATION_FORMAT = dwarf;
				ENABLE_STRICT_OBJC_MSGSEND = YES;
				ENABLE_TESTABILITY = YES;
				GCC_C_LANGUAGE_STANDARD = gnu99;
				GCC_DYNAMIC_NO_PIC = NO;
				GCC_NO_COMMON_BLOCKS = YES;
				GCC_OPTIMIZATION_LEVEL = 0;
				GCC_PREPROCESSOR_DEFINITIONS = (
					"DEBUG=1",
					"$(inherited)",
				);
				GCC_WARN_64_TO_32_BIT_CONVERSION = YES;
				GCC_WARN_ABOUT_RETURN_TYPE = YES_ERROR;
				GCC_WARN_UNDECLARED_SELECTOR = YES;
				GCC_WARN_UNINITIALIZED_AUTOS = YES_AGGRESSIVE;
				GCC_WARN_UNUSED_FUNCTION = YES;
				GCC_WARN_UNUSED_VARIABLE = YES;
				IPHONEOS_DEPLOYMENT_TARGET = 10.3;
				MTL_ENABLE_DEBUG_INFO = YES;
				ONLY_ACTIVE_ARCH = YES;
				SDKROOT = iphoneos;
				TARGETED_DEVICE_FAMILY = "1,2";
			};
			name = Debug;
		};
		37AC39721F3DA0DB00A6A50F /* Release */ = {
			isa = XCBuildConfiguration;
			buildSettings = {
				ALWAYS_SEARCH_USER_PATHS = NO;
				CLANG_ANALYZER_NONNULL = YES;
				CLANG_ANALYZER_NUMBER_OBJECT_CONVERSION = YES_AGGRESSIVE;
				CLANG_CXX_LANGUAGE_STANDARD = "gnu++0x";
				CLANG_CXX_LIBRARY = "libc++";
				CLANG_ENABLE_MODULES = YES;
				CLANG_ENABLE_OBJC_ARC = YES;
				CLANG_WARN_BOOL_CONVERSION = YES;
				CLANG_WARN_CONSTANT_CONVERSION = YES;
				CLANG_WARN_DIRECT_OBJC_ISA_USAGE = YES_ERROR;
				CLANG_WARN_DOCUMENTATION_COMMENTS = YES;
				CLANG_WARN_EMPTY_BODY = YES;
				CLANG_WARN_ENUM_CONVERSION = YES;
				CLANG_WARN_INFINITE_RECURSION = YES;
				CLANG_WARN_INT_CONVERSION = YES;
				CLANG_WARN_OBJC_ROOT_CLASS = YES_ERROR;
				CLANG_WARN_SUSPICIOUS_MOVE = YES;
				CLANG_WARN_UNREACHABLE_CODE = YES;
				CLANG_WARN__DUPLICATE_METHOD_MATCH = YES;
				"CODE_SIGN_IDENTITY[sdk=iphoneos*]" = "iPhone Developer";
				COPY_PHASE_STRIP = NO;
				DEBUG_INFORMATION_FORMAT = "dwarf-with-dsym";
				ENABLE_NS_ASSERTIONS = NO;
				ENABLE_STRICT_OBJC_MSGSEND = YES;
				GCC_C_LANGUAGE_STANDARD = gnu99;
				GCC_NO_COMMON_BLOCKS = YES;
				GCC_WARN_64_TO_32_BIT_CONVERSION = YES;
				GCC_WARN_ABOUT_RETURN_TYPE = YES_ERROR;
				GCC_WARN_UNDECLARED_SELECTOR = YES;
				GCC_WARN_UNINITIALIZED_AUTOS = YES_AGGRESSIVE;
				GCC_WARN_UNUSED_FUNCTION = YES;
				GCC_WARN_UNUSED_VARIABLE = YES;
				IPHONEOS_DEPLOYMENT_TARGET = 10.3;
				MTL_ENABLE_DEBUG_INFO = NO;
				SDKROOT = iphoneos;
				TARGETED_DEVICE_FAMILY = "1,2";
				VALIDATE_PRODUCT = YES;
			};
			name = Release;
		};
		37AC39741F3DA0DB00A6A50F /* Debug */ = {
			isa = XCBuildConfiguration;
			buildSettings = {
				ASSETCATALOG_COMPILER_APPICON_NAME = AppIcon;
				INFOPLIST_FILE = music/Info.plist;
				LD_RUNPATH_SEARCH_PATHS = "$(inherited) @executable_path/Frameworks";
				PRODUCT_BUNDLE_IDENTIFIER = "---.music";
				PRODUCT_NAME = "$(TARGET_NAME)";
			};
			name = Debug;
		};
		37AC39751F3DA0DB00A6A50F /* Release */ = {
			isa = XCBuildConfiguration;
			buildSettings = {
				ASSETCATALOG_COMPILER_APPICON_NAME = AppIcon;
				INFOPLIST_FILE = music/Info.plist;
				LD_RUNPATH_SEARCH_PATHS = "$(inherited) @executable_path/Frameworks";
				PRODUCT_BUNDLE_IDENTIFIER = "---.music";
				PRODUCT_NAME = "$(TARGET_NAME)";
			};
			name = Release;
		};
/* End XCBuildConfiguration section */

/* Begin XCConfigurationList section */
		37AC39571F3DA0DB00A6A50F /* Build configuration list for PBXProject "music" */ = {
			isa = XCConfigurationList;
			buildConfigurations = (
				37AC39711F3DA0DB00A6A50F /* Debug */,
				37AC39721F3DA0DB00A6A50F /* Release */,
			);
			defaultConfigurationIsVisible = 0;
			defaultConfigurationName = Release;
		};
		37AC39731F3DA0DB00A6A50F /* Build configuration list for PBXNativeTarget "music" */ = {
			isa = XCConfigurationList;
			buildConfigurations = (
				37AC39741F3DA0DB00A6A50F /* Debug */,
				37AC39751F3DA0DB00A6A50F /* Release */,
			);
			defaultConfigurationIsVisible = 0;
		};
/* End XCConfigurationList section */
	};
	rootObject = 37AC39541F3DA0DB00A6A50F /* Project object */;
}
