// !$*UTF8*$!
{
	archiveVersion = 1;
	classes = {
	};
	objectVersion = 46;
	objects = {

/* Begin PBXBuildFile section */
		370567D31F3EE25400AB022C /* XJTabBarController.m in Sources */ = {isa = PBXBuildFile; fileRef = 370567D21F3EE25400AB022C /* XJTabBarController.m */; };
		370567D61F3EE27000AB022C /* XJMainViewController.m in Sources */ = {isa = PBXBuildFile; fileRef = 370567D51F3EE27000AB022C /* XJMainViewController.m */; };
		370567D91F3EE2B800AB022C /* XJRecommendViewController.m in Sources */ = {isa = PBXBuildFile; fileRef = 370567D81F3EE2B800AB022C /* XJRecommendViewController.m */; };
		370D71111F45C2AA00C137D2 /* DestinationModel.m in Sources */ = {isa = PBXBuildFile; fileRef = 370D71101F45C2AA00C137D2 /* DestinationModel.m */; };
		371647661F41A10500828335 /* UIButton+EnlargeTouchArea.m in Sources */ = {isa = PBXBuildFile; fileRef = 371647651F41A10500828335 /* UIButton+EnlargeTouchArea.m */; };
		371C2B751F59854F0086FE20 /* XJMainPlayController.m in Sources */ = {isa = PBXBuildFile; fileRef = 371C2B741F59854F0086FE20 /* XJMainPlayController.m */; };
		371C2B781F5986080086FE20 /* XJMainPlayView.m in Sources */ = {isa = PBXBuildFile; fileRef = 371C2B771F5986080086FE20 /* XJMainPlayView.m */; };
		372DE0741F4BD87D00F52D1D /* XJRecommendViewCell.m in Sources */ = {isa = PBXBuildFile; fileRef = 372DE0731F4BD87D00F52D1D /* XJRecommendViewCell.m */; };
		3748ACF11F43175B00AA9183 /* XJMainTableViewCell.m in Sources */ = {isa = PBXBuildFile; fileRef = 3748ACF01F43175B00AA9183 /* XJMainTableViewCell.m */; };
		374DB05C1F5BE819003DE302 /* UIView+Animations.m in Sources */ = {isa = PBXBuildFile; fileRef = 374DB05B1F5BE819003DE302 /* UIView+Animations.m */; };
		37556E6B1F57A90D00B65CFB /* XJSongCell.m in Sources */ = {isa = PBXBuildFile; fileRef = 37556E6A1F57A90D00B65CFB /* XJSongCell.m */; };
		3765F0261F3EDC9E00EC9C61 /* Images.xcassets in Resources */ = {isa = PBXBuildFile; fileRef = 3765F0251F3EDC9E00EC9C61 /* Images.xcassets */; };
		377DBDCF1F569A6B0073DCCC /* XJSongHeaderView.m in Sources */ = {isa = PBXBuildFile; fileRef = 377DBDCE1F569A6B0073DCCC /* XJSongHeaderView.m */; };
		3792FDC41F525F0A00DE9078 /* XJRecommendSectionTItle.m in Sources */ = {isa = PBXBuildFile; fileRef = 3792FDC31F525F0A00DE9078 /* XJRecommendSectionTItle.m */; };
		3792FDC71F526A5200DE9078 /* UIButton+Extension.m in Sources */ = {isa = PBXBuildFile; fileRef = 3792FDC61F526A5200DE9078 /* UIButton+Extension.m */; };
		3792FDC91F52ACC300DE9078 /* arrow_left.png in Resources */ = {isa = PBXBuildFile; fileRef = 3792FDC81F52ACC300DE9078 /* arrow_left.png */; };
		3792FDCC1F530B5A00DE9078 /* XJSongViewController.m in Sources */ = {isa = PBXBuildFile; fileRef = 3792FDCB1F530B5A00DE9078 /* XJSongViewController.m */; };
		379BE61C1F47F083001826BB /* XJMyViewController.m in Sources */ = {isa = PBXBuildFile; fileRef = 379BE61B1F47F083001826BB /* XJMyViewController.m */; };
		379BE61F1F47F0C8001826BB /* XJMLibraryViewController.m in Sources */ = {isa = PBXBuildFile; fileRef = 379BE61E1F47F0C8001826BB /* XJMLibraryViewController.m */; };
		379BE6221F47F16F001826BB /* XJMiddleViewController.m in Sources */ = {isa = PBXBuildFile; fileRef = 379BE6211F47F16F001826BB /* XJMiddleViewController.m */; };
		379BE6251F47F516001826BB /* XJNavigaterView.m in Sources */ = {isa = PBXBuildFile; fileRef = 379BE6241F47F516001826BB /* XJNavigaterView.m */; };
		379BE6281F481096001826BB /* XJBGCollectionViewCell.m in Sources */ = {isa = PBXBuildFile; fileRef = 379BE6271F481096001826BB /* XJBGCollectionViewCell.m */; };
		379BE62B1F486812001826BB /* MoreContentViewModel.m in Sources */ = {isa = PBXBuildFile; fileRef = 379BE62A1F486812001826BB /* MoreContentViewModel.m */; };
		379BE62E1F486A1B001826BB /* ContentsModel.m in Sources */ = {isa = PBXBuildFile; fileRef = 379BE62D1F486A1B001826BB /* ContentsModel.m */; };
		37A9BF481F42D13B00297BC1 /* XJNetManager.m in Sources */ = {isa = PBXBuildFile; fileRef = 37A9BF471F42D13B00297BC1 /* XJNetManager.m */; };
		37A9BF4B1F42D43700297BC1 /* XJMoreNetManager.m in Sources */ = {isa = PBXBuildFile; fileRef = 37A9BF4A1F42D43700297BC1 /* XJMoreNetManager.m */; };
		37A9BF521F42D79700297BC1 /* NewCategoryModel.m in Sources */ = {isa = PBXBuildFile; fileRef = 37A9BF511F42D79700297BC1 /* NewCategoryModel.m */; };
		37A9BF561F42E22000297BC1 /* BaseViewModel.m in Sources */ = {isa = PBXBuildFile; fileRef = 37A9BF551F42E22000297BC1 /* BaseViewModel.m */; };
		37A9BF591F42E25900297BC1 /* NewContentViewModel.m in Sources */ = {isa = PBXBuildFile; fileRef = 37A9BF581F42E25900297BC1 /* NewContentViewModel.m */; };
		37AA16191F43DCE400A81F1C /* XJPLayManager.m in Sources */ = {isa = PBXBuildFile; fileRef = 37AA16181F43DCE400A81F1C /* XJPLayManager.m */; };
		37AA161C1F44240B00A81F1C /* TracksViewModel.m in Sources */ = {isa = PBXBuildFile; fileRef = 37AA161B1F44240B00A81F1C /* TracksViewModel.m */; };
		37AC39611F3DA0DB00A6A50F /* main.m in Sources */ = {isa = PBXBuildFile; fileRef = 37AC39601F3DA0DB00A6A50F /* main.m */; };
		37AC39641F3DA0DB00A6A50F /* AppDelegate.m in Sources */ = {isa = PBXBuildFile; fileRef = 37AC39631F3DA0DB00A6A50F /* AppDelegate.m */; };
		37AC39671F3DA0DB00A6A50F /* ViewController.m in Sources */ = {isa = PBXBuildFile; fileRef = 37AC39661F3DA0DB00A6A50F /* ViewController.m */; };
		37ADB7341F3EE9940063F493 /* XJPlayTabbar.m in Sources */ = {isa = PBXBuildFile; fileRef = 37ADB7331F3EE9940063F493 /* XJPlayTabbar.m */; };
		37ADB7391F3EED260063F493 /* UIView+Extension.m in Sources */ = {isa = PBXBuildFile; fileRef = 37ADB7381F3EED260063F493 /* UIView+Extension.m */; };
		37B23BEF1F5AA45200646661 /* NSString+Extension.m in Sources */ = {isa = PBXBuildFile; fileRef = 37B23BEE1F5AA45200646661 /* NSString+Extension.m */; };
		37D84D6C1F429899005083B2 /* XJPlayView.m in Sources */ = {isa = PBXBuildFile; fileRef = 37D84D6B1F429899005083B2 /* XJPlayView.m */; };
		BE279A87A507F140AA47A522 /* libPods-music.a in Frameworks */ = {isa = PBXBuildFile; fileRef = 4FD4EC54D93F28F4E604D864 /* libPods-music.a */; };
/* End PBXBuildFile section */

/* Begin PBXFileReference section */
		0D70799529089053D333F85E /* Pods-music.debug.xcconfig */ = {isa = PBXFileReference; includeInIndex = 1; lastKnownFileType = text.xcconfig; name = "Pods-music.debug.xcconfig"; path = "Pods/Target Support Files/Pods-music/Pods-music.debug.xcconfig"; sourceTree = "<group>"; };
		370567D11F3EE25400AB022C /* XJTabBarController.h */ = {isa = PBXFileReference; fileEncoding = 4; lastKnownFileType = sourcecode.c.h; path = XJTabBarController.h; sourceTree = "<group>"; };
		370567D21F3EE25400AB022C /* XJTabBarController.m */ = {isa = PBXFileReference; fileEncoding = 4; lastKnownFileType = sourcecode.c.objc; path = XJTabBarController.m; sourceTree = "<group>"; };
		370567D41F3EE27000AB022C /* XJMainViewController.h */ = {isa = PBXFileReference; fileEncoding = 4; lastKnownFileType = sourcecode.c.h; path = XJMainViewController.h; sourceTree = "<group>"; };
		370567D51F3EE27000AB022C /* XJMainViewController.m */ = {isa = PBXFileReference; fileEncoding = 4; lastKnownFileType = sourcecode.c.objc; path = XJMainViewController.m; sourceTree = "<group>"; };
		370567D71F3EE2B800AB022C /* XJRecommendViewController.h */ = {isa = PBXFileReference; fileEncoding = 4; lastKnownFileType = sourcecode.c.h; path = XJRecommendViewController.h; sourceTree = "<group>"; };
		370567D81F3EE2B800AB022C /* XJRecommendViewController.m */ = {isa = PBXFileReference; fileEncoding = 4; lastKnownFileType = sourcecode.c.objc; path = XJRecommendViewController.m; sourceTree = "<group>"; };
		370D710E1F45C07C00C137D2 /* tsts.h */ = {isa = PBXFileReference; lastKnownFileType = sourcecode.c.h; path = tsts.h; sourceTree = "<group>"; };
		370D710F1F45C2AA00C137D2 /* DestinationModel.h */ = {isa = PBXFileReference; fileEncoding = 4; lastKnownFileType = sourcecode.c.h; path = DestinationModel.h; sourceTree = "<group>"; };
		370D71101F45C2AA00C137D2 /* DestinationModel.m */ = {isa = PBXFileReference; fileEncoding = 4; lastKnownFileType = sourcecode.c.objc; path = DestinationModel.m; sourceTree = "<group>"; };
		371647641F41A10500828335 /* UIButton+EnlargeTouchArea.h */ = {isa = PBXFileReference; fileEncoding = 4; lastKnownFileType = sourcecode.c.h; path = "UIButton+EnlargeTouchArea.h"; sourceTree = "<group>"; };
		371647651F41A10500828335 /* UIButton+EnlargeTouchArea.m */ = {isa = PBXFileReference; fileEncoding = 4; lastKnownFileType = sourcecode.c.objc; path = "UIButton+EnlargeTouchArea.m"; sourceTree = "<group>"; };
		371C2B731F59854F0086FE20 /* XJMainPlayController.h */ = {isa = PBXFileReference; fileEncoding = 4; lastKnownFileType = sourcecode.c.h; path = XJMainPlayController.h; sourceTree = "<group>"; };
		371C2B741F59854F0086FE20 /* XJMainPlayController.m */ = {isa = PBXFileReference; fileEncoding = 4; lastKnownFileType = sourcecode.c.objc; path = XJMainPlayController.m; sourceTree = "<group>"; };
		371C2B761F5986080086FE20 /* XJMainPlayView.h */ = {isa = PBXFileReference; fileEncoding = 4; lastKnownFileType = sourcecode.c.h; path = XJMainPlayView.h; sourceTree = "<group>"; };
		371C2B771F5986080086FE20 /* XJMainPlayView.m */ = {isa = PBXFileReference; fileEncoding = 4; lastKnownFileType = sourcecode.c.objc; path = XJMainPlayView.m; sourceTree = "<group>"; };
		372DE0721F4BD87D00F52D1D /* XJRecommendViewCell.h */ = {isa = PBXFileReference; fileEncoding = 4; lastKnownFileType = sourcecode.c.h; path = XJRecommendViewCell.h; sourceTree = "<group>"; };
		372DE0731F4BD87D00F52D1D /* XJRecommendViewCell.m */ = {isa = PBXFileReference; fileEncoding = 4; lastKnownFileType = sourcecode.c.objc; path = XJRecommendViewCell.m; sourceTree = "<group>"; };
		3748ACEF1F43175B00AA9183 /* XJMainTableViewCell.h */ = {isa = PBXFileReference; fileEncoding = 4; lastKnownFileType = sourcecode.c.h; path = XJMainTableViewCell.h; sourceTree = "<group>"; };
		3748ACF01F43175B00AA9183 /* XJMainTableViewCell.m */ = {isa = PBXFileReference; fileEncoding = 4; lastKnownFileType = sourcecode.c.objc; path = XJMainTableViewCell.m; sourceTree = "<group>"; };
		374DB05A1F5BE819003DE302 /* UIView+Animations.h */ = {isa = PBXFileReference; fileEncoding = 4; lastKnownFileType = sourcecode.c.h; path = "UIView+Animations.h"; sourceTree = "<group>"; };
		374DB05B1F5BE819003DE302 /* UIView+Animations.m */ = {isa = PBXFileReference; fileEncoding = 4; lastKnownFileType = sourcecode.c.objc; path = "UIView+Animations.m"; sourceTree = "<group>"; };
		37556E691F57A90D00B65CFB /* XJSongCell.h */ = {isa = PBXFileReference; fileEncoding = 4; lastKnownFileType = sourcecode.c.h; path = XJSongCell.h; sourceTree = "<group>"; };
		37556E6A1F57A90D00B65CFB /* XJSongCell.m */ = {isa = PBXFileReference; fileEncoding = 4; lastKnownFileType = sourcecode.c.objc; path = XJSongCell.m; sourceTree = "<group>"; };
		37556E761F586E8B00B65CFB /* MacroHeader.h */ = {isa = PBXFileReference; fileEncoding = 4; lastKnownFileType = sourcecode.c.h; path = MacroHeader.h; sourceTree = "<group>"; };
		3765F0251F3EDC9E00EC9C61 /* Images.xcassets */ = {isa = PBXFileReference; lastKnownFileType = folder.assetcatalog; path = Images.xcassets; sourceTree = "<group>"; };
		377DBDCD1F569A6B0073DCCC /* XJSongHeaderView.h */ = {isa = PBXFileReference; fileEncoding = 4; lastKnownFileType = sourcecode.c.h; path = XJSongHeaderView.h; sourceTree = "<group>"; };
		377DBDCE1F569A6B0073DCCC /* XJSongHeaderView.m */ = {isa = PBXFileReference; fileEncoding = 4; lastKnownFileType = sourcecode.c.objc; path = XJSongHeaderView.m; sourceTree = "<group>"; };
		3792FDC21F525F0A00DE9078 /* XJRecommendSectionTItle.h */ = {isa = PBXFileReference; fileEncoding = 4; lastKnownFileType = sourcecode.c.h; path = XJRecommendSectionTItle.h; sourceTree = "<group>"; };
		3792FDC31F525F0A00DE9078 /* XJRecommendSectionTItle.m */ = {isa = PBXFileReference; fileEncoding = 4; lastKnownFileType = sourcecode.c.objc; path = XJRecommendSectionTItle.m; sourceTree = "<group>"; };
		3792FDC51F526A5200DE9078 /* UIButton+Extension.h */ = {isa = PBXFileReference; fileEncoding = 4; lastKnownFileType = sourcecode.c.h; path = "UIButton+Extension.h"; sourceTree = "<group>"; };
		3792FDC61F526A5200DE9078 /* UIButton+Extension.m */ = {isa = PBXFileReference; fileEncoding = 4; lastKnownFileType = sourcecode.c.objc; path = "UIButton+Extension.m"; sourceTree = "<group>"; };
		3792FDC81F52ACC300DE9078 /* arrow_left.png */ = {isa = PBXFileReference; lastKnownFileType = image.png; path = arrow_left.png; sourceTree = "<group>"; };
		3792FDCA1F530B5A00DE9078 /* XJSongViewController.h */ = {isa = PBXFileReference; fileEncoding = 4; lastKnownFileType = sourcecode.c.h; path = XJSongViewController.h; sourceTree = "<group>"; };
		3792FDCB1F530B5A00DE9078 /* XJSongViewController.m */ = {isa = PBXFileReference; fileEncoding = 4; lastKnownFileType = sourcecode.c.objc; path = XJSongViewController.m; sourceTree = "<group>"; };
		379BE61A1F47F083001826BB /* XJMyViewController.h */ = {isa = PBXFileReference; fileEncoding = 4; lastKnownFileType = sourcecode.c.h; path = XJMyViewController.h; sourceTree = "<group>"; };
		379BE61B1F47F083001826BB /* XJMyViewController.m */ = {isa = PBXFileReference; fileEncoding = 4; lastKnownFileType = sourcecode.c.objc; path = XJMyViewController.m; sourceTree = "<group>"; };
		379BE61D1F47F0C8001826BB /* XJMLibraryViewController.h */ = {isa = PBXFileReference; fileEncoding = 4; lastKnownFileType = sourcecode.c.h; path = XJMLibraryViewController.h; sourceTree = "<group>"; };
		379BE61E1F47F0C8001826BB /* XJMLibraryViewController.m */ = {isa = PBXFileReference; fileEncoding = 4; lastKnownFileType = sourcecode.c.objc; path = XJMLibraryViewController.m; sourceTree = "<group>"; };
		379BE6201F47F16F001826BB /* XJMiddleViewController.h */ = {isa = PBXFileReference; fileEncoding = 4; lastKnownFileType = sourcecode.c.h; path = XJMiddleViewController.h; sourceTree = "<group>"; };
		379BE6211F47F16F001826BB /* XJMiddleViewController.m */ = {isa = PBXFileReference; fileEncoding = 4; lastKnownFileType = sourcecode.c.objc; path = XJMiddleViewController.m; sourceTree = "<group>"; };
		379BE6231F47F516001826BB /* XJNavigaterView.h */ = {isa = PBXFileReference; fileEncoding = 4; lastKnownFileType = sourcecode.c.h; path = XJNavigaterView.h; sourceTree = "<group>"; };
		379BE6241F47F516001826BB /* XJNavigaterView.m */ = {isa = PBXFileReference; fileEncoding = 4; lastKnownFileType = sourcecode.c.objc; path = XJNavigaterView.m; sourceTree = "<group>"; };
		379BE6261F481096001826BB /* XJBGCollectionViewCell.h */ = {isa = PBXFileReference; fileEncoding = 4; lastKnownFileType = sourcecode.c.h; path = XJBGCollectionViewCell.h; sourceTree = "<group>"; };
		379BE6271F481096001826BB /* XJBGCollectionViewCell.m */ = {isa = PBXFileReference; fileEncoding = 4; lastKnownFileType = sourcecode.c.objc; path = XJBGCollectionViewCell.m; sourceTree = "<group>"; };
		379BE6291F486812001826BB /* MoreContentViewModel.h */ = {isa = PBXFileReference; fileEncoding = 4; lastKnownFileType = sourcecode.c.h; path = MoreContentViewModel.h; sourceTree = "<group>"; };
		379BE62A1F486812001826BB /* MoreContentViewModel.m */ = {isa = PBXFileReference; fileEncoding = 4; lastKnownFileType = sourcecode.c.objc; path = MoreContentViewModel.m; sourceTree = "<group>"; };
		379BE62C1F486A1B001826BB /* ContentsModel.h */ = {isa = PBXFileReference; fileEncoding = 4; lastKnownFileType = sourcecode.c.h; path = ContentsModel.h; sourceTree = "<group>"; };
		379BE62D1F486A1B001826BB /* ContentsModel.m */ = {isa = PBXFileReference; fileEncoding = 4; lastKnownFileType = sourcecode.c.objc; path = ContentsModel.m; sourceTree = "<group>"; };
		37A9BF461F42D13B00297BC1 /* XJNetManager.h */ = {isa = PBXFileReference; fileEncoding = 4; lastKnownFileType = sourcecode.c.h; path = XJNetManager.h; sourceTree = "<group>"; };
		37A9BF471F42D13B00297BC1 /* XJNetManager.m */ = {isa = PBXFileReference; fileEncoding = 4; lastKnownFileType = sourcecode.c.objc; path = XJNetManager.m; sourceTree = "<group>"; };
		37A9BF491F42D43700297BC1 /* XJMoreNetManager.h */ = {isa = PBXFileReference; fileEncoding = 4; lastKnownFileType = sourcecode.c.h; path = XJMoreNetManager.h; sourceTree = "<group>"; };
		37A9BF4A1F42D43700297BC1 /* XJMoreNetManager.m */ = {isa = PBXFileReference; fileEncoding = 4; lastKnownFileType = sourcecode.c.objc; path = XJMoreNetManager.m; sourceTree = "<group>"; };
		37A9BF501F42D79700297BC1 /* NewCategoryModel.h */ = {isa = PBXFileReference; fileEncoding = 4; lastKnownFileType = sourcecode.c.h; path = NewCategoryModel.h; sourceTree = "<group>"; };
		37A9BF511F42D79700297BC1 /* NewCategoryModel.m */ = {isa = PBXFileReference; fileEncoding = 4; lastKnownFileType = sourcecode.c.objc; path = NewCategoryModel.m; sourceTree = "<group>"; };
		37A9BF541F42E22000297BC1 /* BaseViewModel.h */ = {isa = PBXFileReference; fileEncoding = 4; lastKnownFileType = sourcecode.c.h; path = BaseViewModel.h; sourceTree = "<group>"; };
		37A9BF551F42E22000297BC1 /* BaseViewModel.m */ = {isa = PBXFileReference; fileEncoding = 4; lastKnownFileType = sourcecode.c.objc; path = BaseViewModel.m; sourceTree = "<group>"; };
		37A9BF571F42E25900297BC1 /* NewContentViewModel.h */ = {isa = PBXFileReference; fileEncoding = 4; lastKnownFileType = sourcecode.c.h; path = NewContentViewModel.h; sourceTree = "<group>"; };
		37A9BF581F42E25900297BC1 /* NewContentViewModel.m */ = {isa = PBXFileReference; fileEncoding = 4; lastKnownFileType = sourcecode.c.objc; path = NewContentViewModel.m; sourceTree = "<group>"; };
		37AA16171F43DCE400A81F1C /* XJPLayManager.h */ = {isa = PBXFileReference; fileEncoding = 4; lastKnownFileType = sourcecode.c.h; path = XJPLayManager.h; sourceTree = "<group>"; };
		37AA16181F43DCE400A81F1C /* XJPLayManager.m */ = {isa = PBXFileReference; fileEncoding = 4; lastKnownFileType = sourcecode.c.objc; path = XJPLayManager.m; sourceTree = "<group>"; };
		37AA161A1F44240B00A81F1C /* TracksViewModel.h */ = {isa = PBXFileReference; fileEncoding = 4; lastKnownFileType = sourcecode.c.h; path = TracksViewModel.h; sourceTree = "<group>"; };
		37AA161B1F44240B00A81F1C /* TracksViewModel.m */ = {isa = PBXFileReference; fileEncoding = 4; lastKnownFileType = sourcecode.c.objc; path = TracksViewModel.m; sourceTree = "<group>"; };
		37AC395C1F3DA0DB00A6A50F /* music.app */ = {isa = PBXFileReference; explicitFileType = wrapper.application; includeInIndex = 0; path = music.app; sourceTree = BUILT_PRODUCTS_DIR; };
		37AC39601F3DA0DB00A6A50F /* main.m */ = {isa = PBXFileReference; lastKnownFileType = sourcecode.c.objc; path = main.m; sourceTree = "<group>"; };
		37AC39621F3DA0DB00A6A50F /* AppDelegate.h */ = {isa = PBXFileReference; lastKnownFileType = sourcecode.c.h; path = AppDelegate.h; sourceTree = "<group>"; };
		37AC39631F3DA0DB00A6A50F /* AppDelegate.m */ = {isa = PBXFileReference; lastKnownFileType = sourcecode.c.objc; path = AppDelegate.m; sourceTree = "<group>"; };
		37AC39651F3DA0DB00A6A50F /* ViewController.h */ = {isa = PBXFileReference; lastKnownFileType = sourcecode.c.h; path = ViewController.h; sourceTree = "<group>"; };
		37AC39661F3DA0DB00A6A50F /* ViewController.m */ = {isa = PBXFileReference; lastKnownFileType = sourcecode.c.objc; path = ViewController.m; sourceTree = "<group>"; };
		37AC39701F3DA0DB00A6A50F /* Info.plist */ = {isa = PBXFileReference; lastKnownFileType = text.plist.xml; path = Info.plist; sourceTree = "<group>"; };
		37ADB7321F3EE9940063F493 /* XJPlayTabbar.h */ = {isa = PBXFileReference; fileEncoding = 4; lastKnownFileType = sourcecode.c.h; path = XJPlayTabbar.h; sourceTree = "<group>"; };
		37ADB7331F3EE9940063F493 /* XJPlayTabbar.m */ = {isa = PBXFileReference; fileEncoding = 4; lastKnownFileType = sourcecode.c.objc; path = XJPlayTabbar.m; sourceTree = "<group>"; };
		37ADB7351F3EEB890063F493 /* PrefixHeader.pch */ = {isa = PBXFileReference; fileEncoding = 4; lastKnownFileType = sourcecode.c.h; path = PrefixHeader.pch; sourceTree = "<group>"; };
		37ADB7371F3EED260063F493 /* UIView+Extension.h */ = {isa = PBXFileReference; fileEncoding = 4; lastKnownFileType = sourcecode.c.h; path = "UIView+Extension.h"; sourceTree = "<group>"; };
		37ADB7381F3EED260063F493 /* UIView+Extension.m */ = {isa = PBXFileReference; fileEncoding = 4; lastKnownFileType = sourcecode.c.objc; path = "UIView+Extension.m"; sourceTree = "<group>"; };
		37B23BED1F5AA45200646661 /* NSString+Extension.h */ = {isa = PBXFileReference; fileEncoding = 4; lastKnownFileType = sourcecode.c.h; path = "NSString+Extension.h"; sourceTree = "<group>"; };
		37B23BEE1F5AA45200646661 /* NSString+Extension.m */ = {isa = PBXFileReference; fileEncoding = 4; lastKnownFileType = sourcecode.c.objc; path = "NSString+Extension.m"; sourceTree = "<group>"; };
		37D84D6A1F429899005083B2 /* XJPlayView.h */ = {isa = PBXFileReference; fileEncoding = 4; lastKnownFileType = sourcecode.c.h; path = XJPlayView.h; sourceTree = "<group>"; };
		37D84D6B1F429899005083B2 /* XJPlayView.m */ = {isa = PBXFileReference; fileEncoding = 4; lastKnownFileType = sourcecode.c.objc; path = XJPlayView.m; sourceTree = "<group>"; };
		4FD4EC54D93F28F4E604D864 /* libPods-music.a */ = {isa = PBXFileReference; explicitFileType = archive.ar; includeInIndex = 0; path = "libPods-music.a"; sourceTree = BUILT_PRODUCTS_DIR; };
		EDF491263D24B50AB541683E /* Pods-music.release.xcconfig */ = {isa = PBXFileReference; includeInIndex = 1; lastKnownFileType = text.xcconfig; name = "Pods-music.release.xcconfig"; path = "Pods/Target Support Files/Pods-music/Pods-music.release.xcconfig"; sourceTree = "<group>"; };
/* End PBXFileReference section */

/* Begin PBXFrameworksBuildPhase section */
		37AC39591F3DA0DB00A6A50F /* Frameworks */ = {
			isa = PBXFrameworksBuildPhase;
			buildActionMask = 2147483647;
			files = (
				BE279A87A507F140AA47A522 /* libPods-music.a in Frameworks */,
			);
			runOnlyForDeploymentPostprocessing = 0;
		};
/* End PBXFrameworksBuildPhase section */

/* Begin PBXGroup section */
		370567C51F3EE1C500AB022C /* 首页 */ = {
			isa = PBXGroup;
			children = (
				37A9BF4C1F42D62D00297BC1 /* Model */,
				370567C61F3EE1C500AB022C /* View */,
				370567C71F3EE1C500AB022C /* ViewController */,
			);
			path = "首页";
			sourceTree = "<group>";
		};
		370567C61F3EE1C500AB022C /* View */ = {
			isa = PBXGroup;
			children = (
				3748ACEF1F43175B00AA9183 /* XJMainTableViewCell.h */,
				3748ACF01F43175B00AA9183 /* XJMainTableViewCell.m */,
				372DE0721F4BD87D00F52D1D /* XJRecommendViewCell.h */,
				372DE0731F4BD87D00F52D1D /* XJRecommendViewCell.m */,
				3792FDC21F525F0A00DE9078 /* XJRecommendSectionTItle.h */,
				3792FDC31F525F0A00DE9078 /* XJRecommendSectionTItle.m */,
			);
			path = View;
			sourceTree = "<group>";
		};
		370567C71F3EE1C500AB022C /* ViewController */ = {
			isa = PBXGroup;
			children = (
				370567D41F3EE27000AB022C /* XJMainViewController.h */,
				370567D51F3EE27000AB022C /* XJMainViewController.m */,
				370D710E1F45C07C00C137D2 /* tsts.h */,
			);
			path = ViewController;
			sourceTree = "<group>";
		};
		370567C81F3EE1CC00AB022C /* 推荐 */ = {
			isa = PBXGroup;
			children = (
				377DBDCC1F56956A0073DCCC /* Model */,
				370567C91F3EE1CC00AB022C /* Controller */,
				370567CA1F3EE1CC00AB022C /* View */,
			);
			path = "推荐";
			sourceTree = "<group>";
		};
		370567C91F3EE1CC00AB022C /* Controller */ = {
			isa = PBXGroup;
			children = (
				370567D71F3EE2B800AB022C /* XJRecommendViewController.h */,
				370567D81F3EE2B800AB022C /* XJRecommendViewController.m */,
				3792FDCA1F530B5A00DE9078 /* XJSongViewController.h */,
				3792FDCB1F530B5A00DE9078 /* XJSongViewController.m */,
				379BE6201F47F16F001826BB /* XJMiddleViewController.h */,
				379BE6211F47F16F001826BB /* XJMiddleViewController.m */,
			);
			path = Controller;
			sourceTree = "<group>";
		};
		370567CA1F3EE1CC00AB022C /* View */ = {
			isa = PBXGroup;
			children = (
				37556E691F57A90D00B65CFB /* XJSongCell.h */,
				37556E6A1F57A90D00B65CFB /* XJSongCell.m */,
				379BE6231F47F516001826BB /* XJNavigaterView.h */,
				379BE6241F47F516001826BB /* XJNavigaterView.m */,
				379BE6261F481096001826BB /* XJBGCollectionViewCell.h */,
				379BE6271F481096001826BB /* XJBGCollectionViewCell.m */,
				377DBDCD1F569A6B0073DCCC /* XJSongHeaderView.h */,
				377DBDCE1F569A6B0073DCCC /* XJSongHeaderView.m */,
			);
			path = View;
			sourceTree = "<group>";
		};
		370567CB1F3EE1D300AB022C /* 我的 */ = {
			isa = PBXGroup;
			children = (
				370567CC1F3EE1D300AB022C /* Controller */,
			);
			path = "我的";
			sourceTree = "<group>";
		};
		370567CC1F3EE1D300AB022C /* Controller */ = {
			isa = PBXGroup;
			children = (
				379BE61A1F47F083001826BB /* XJMyViewController.h */,
				379BE61B1F47F083001826BB /* XJMyViewController.m */,
			);
			path = Controller;
			sourceTree = "<group>";
		};
		370567CD1F3EE23A00AB022C /* 通用 */ = {
			isa = PBXGroup;
			children = (
				37AA16161F43DCC900A81F1C /* Tool */,
				37A9BF531F42E1ED00297BC1 /* Model */,
				37ADB7311F3EE9720063F493 /* View */,
				370567CE1F3EE23A00AB022C /* Animation */,
				370567CF1F3EE23A00AB022C /* Controller */,
				370567D01F3EE23A00AB022C /* NetManager */,
			);
			path = "通用";
			sourceTree = "<group>";
		};
		370567CE1F3EE23A00AB022C /* Animation */ = {
			isa = PBXGroup;
			children = (
			);
			path = Animation;
			sourceTree = "<group>";
		};
		370567CF1F3EE23A00AB022C /* Controller */ = {
			isa = PBXGroup;
			children = (
				370567D11F3EE25400AB022C /* XJTabBarController.h */,
				370567D21F3EE25400AB022C /* XJTabBarController.m */,
				371C2B731F59854F0086FE20 /* XJMainPlayController.h */,
				371C2B741F59854F0086FE20 /* XJMainPlayController.m */,
			);
			path = Controller;
			sourceTree = "<group>";
		};
		370567D01F3EE23A00AB022C /* NetManager */ = {
			isa = PBXGroup;
			children = (
				37A9BF461F42D13B00297BC1 /* XJNetManager.h */,
				37A9BF471F42D13B00297BC1 /* XJNetManager.m */,
				37A9BF491F42D43700297BC1 /* XJMoreNetManager.h */,
				37A9BF4A1F42D43700297BC1 /* XJMoreNetManager.m */,
			);
			path = NetManager;
			sourceTree = "<group>";
		};
		377DBDCC1F56956A0073DCCC /* Model */ = {
			isa = PBXGroup;
			children = (
			);
			path = Model;
			sourceTree = "<group>";
		};
		379BE6191F47EFF2001826BB /* 乐库 */ = {
			isa = PBXGroup;
			children = (
				379BE61D1F47F0C8001826BB /* XJMLibraryViewController.h */,
				379BE61E1F47F0C8001826BB /* XJMLibraryViewController.m */,
			);
			path = "乐库";
			sourceTree = "<group>";
		};
		37A9BF4C1F42D62D00297BC1 /* Model */ = {
			isa = PBXGroup;
			children = (
				37A9BF501F42D79700297BC1 /* NewCategoryModel.h */,
				37A9BF511F42D79700297BC1 /* NewCategoryModel.m */,
				37A9BF571F42E25900297BC1 /* NewContentViewModel.h */,
				37A9BF581F42E25900297BC1 /* NewContentViewModel.m */,
				37AA161A1F44240B00A81F1C /* TracksViewModel.h */,
				37AA161B1F44240B00A81F1C /* TracksViewModel.m */,
				370D710F1F45C2AA00C137D2 /* DestinationModel.h */,
				370D71101F45C2AA00C137D2 /* DestinationModel.m */,
				379BE6291F486812001826BB /* MoreContentViewModel.h */,
				379BE62A1F486812001826BB /* MoreContentViewModel.m */,
				379BE62C1F486A1B001826BB /* ContentsModel.h */,
				379BE62D1F486A1B001826BB /* ContentsModel.m */,
			);
			path = Model;
			sourceTree = "<group>";
		};
		37A9BF531F42E1ED00297BC1 /* Model */ = {
			isa = PBXGroup;
			children = (
				37A9BF541F42E22000297BC1 /* BaseViewModel.h */,
				37A9BF551F42E22000297BC1 /* BaseViewModel.m */,
			);
			path = Model;
			sourceTree = "<group>";
		};
		37AA16161F43DCC900A81F1C /* Tool */ = {
			isa = PBXGroup;
			children = (
				37AA16171F43DCE400A81F1C /* XJPLayManager.h */,
				37AA16181F43DCE400A81F1C /* XJPLayManager.m */,
			);
			path = Tool;
			sourceTree = "<group>";
		};
		37AC39531F3DA0DB00A6A50F = {
			isa = PBXGroup;
			children = (
				3792FDC81F52ACC300DE9078 /* arrow_left.png */,
				37AC395E1F3DA0DB00A6A50F /* music */,
				37AC395D1F3DA0DB00A6A50F /* Products */,
				44A8CCF934C5D9D724B035A7 /* Pods */,
				C80C6B8F3B8F7703347B6A2A /* Frameworks */,
			);
			sourceTree = "<group>";
		};
		37AC395D1F3DA0DB00A6A50F /* Products */ = {
			isa = PBXGroup;
			children = (
				37AC395C1F3DA0DB00A6A50F /* music.app */,
			);
			name = Products;
			sourceTree = "<group>";
		};
		37AC395E1F3DA0DB00A6A50F /* music */ = {
			isa = PBXGroup;
			children = (
				37ADB7361F3EED260063F493 /* Categories */,
				370567CD1F3EE23A00AB022C /* 通用 */,
				370567CB1F3EE1D300AB022C /* 我的 */,
				370567C81F3EE1CC00AB022C /* 推荐 */,
				370567C51F3EE1C500AB022C /* 首页 */,
				379BE6191F47EFF2001826BB /* 乐库 */,
				37AC39621F3DA0DB00A6A50F /* AppDelegate.h */,
				37AC39631F3DA0DB00A6A50F /* AppDelegate.m */,
				37AC39651F3DA0DB00A6A50F /* ViewController.h */,
				37AC39661F3DA0DB00A6A50F /* ViewController.m */,
				37AC39701F3DA0DB00A6A50F /* Info.plist */,
				37AC395F1F3DA0DB00A6A50F /* Supporting Files */,
			);
			path = music;
			sourceTree = "<group>";
		};
		37AC395F1F3DA0DB00A6A50F /* Supporting Files */ = {
			isa = PBXGroup;
			children = (
				3765F0251F3EDC9E00EC9C61 /* Images.xcassets */,
				37AC39601F3DA0DB00A6A50F /* main.m */,
			);
			name = "Supporting Files";
			sourceTree = "<group>";
		};
		37ADB7311F3EE9720063F493 /* View */ = {
			isa = PBXGroup;
			children = (
				37ADB7321F3EE9940063F493 /* XJPlayTabbar.h */,
				37ADB7331F3EE9940063F493 /* XJPlayTabbar.m */,
				37D84D6A1F429899005083B2 /* XJPlayView.h */,
				37D84D6B1F429899005083B2 /* XJPlayView.m */,
				371C2B761F5986080086FE20 /* XJMainPlayView.h */,
				371C2B771F5986080086FE20 /* XJMainPlayView.m */,
			);
			path = View;
			sourceTree = "<group>";
		};
		37ADB7361F3EED260063F493 /* Categories */ = {
			isa = PBXGroup;
			children = (
				371647641F41A10500828335 /* UIButton+EnlargeTouchArea.h */,
				371647651F41A10500828335 /* UIButton+EnlargeTouchArea.m */,
				37ADB7371F3EED260063F493 /* UIView+Extension.h */,
				37ADB7381F3EED260063F493 /* UIView+Extension.m */,
				3792FDC51F526A5200DE9078 /* UIButton+Extension.h */,
				3792FDC61F526A5200DE9078 /* UIButton+Extension.m */,
				37B23BED1F5AA45200646661 /* NSString+Extension.h */,
				37B23BEE1F5AA45200646661 /* NSString+Extension.m */,
				374DB05A1F5BE819003DE302 /* UIView+Animations.h */,
				374DB05B1F5BE819003DE302 /* UIView+Animations.m */,
			);
			path = Categories;
			sourceTree = "<group>";
		};
		44A8CCF934C5D9D724B035A7 /* Pods */ = {
			isa = PBXGroup;
			children = (
				0D70799529089053D333F85E /* Pods-music.debug.xcconfig */,
				EDF491263D24B50AB541683E /* Pods-music.release.xcconfig */,
			);
			name = Pods;
			sourceTree = "<group>";
		};
		C80C6B8F3B8F7703347B6A2A /* Frameworks */ = {
			isa = PBXGroup;
			children = (
				37ADB7351F3EEB890063F493 /* PrefixHeader.pch */,
				37556E761F586E8B00B65CFB /* MacroHeader.h */,
				4FD4EC54D93F28F4E604D864 /* libPods-music.a */,
			);
			name = Frameworks;
			sourceTree = "<group>";
		};
/* End PBXGroup section */

/* Begin PBXNativeTarget section */
		37AC395B1F3DA0DB00A6A50F /* music */ = {
			isa = PBXNativeTarget;
			buildConfigurationList = 37AC39731F3DA0DB00A6A50F /* Build configuration list for PBXNativeTarget "music" */;
			buildPhases = (
				C35DB984118E72F4EF19006E /* [CP] Check Pods Manifest.lock */,
				37AC39581F3DA0DB00A6A50F /* Sources */,
				37AC39591F3DA0DB00A6A50F /* Frameworks */,
				37AC395A1F3DA0DB00A6A50F /* Resources */,
				7C7B12AE3DAAF6898FD8A5A5 /* [CP] Embed Pods Frameworks */,
				168B3AFF5C6951955848995D /* [CP] Copy Pods Resources */,
			);
			buildRules = (
			);
			dependencies = (
			);
			name = music;
			productName = music;
			productReference = 37AC395C1F3DA0DB00A6A50F /* music.app */;
			productType = "com.apple.product-type.application";
		};
/* End PBXNativeTarget section */

/* Begin PBXProject section */
		37AC39541F3DA0DB00A6A50F /* Project object */ = {
			isa = PBXProject;
			attributes = {
				LastUpgradeCheck = 0830;
				ORGANIZATIONNAME = "肖金兴";
				TargetAttributes = {
					37AC395B1F3DA0DB00A6A50F = {
						CreatedOnToolsVersion = 8.3.3;
						DevelopmentTeam = 36BYRP82CS;
						ProvisioningStyle = Automatic;
					};
				};
			};
			buildConfigurationList = 37AC39571F3DA0DB00A6A50F /* Build configuration list for PBXProject "music" */;
			compatibilityVersion = "Xcode 3.2";
			developmentRegion = English;
			hasScannedForEncodings = 0;
			knownRegions = (
				en,
				Base,
			);
			mainGroup = 37AC39531F3DA0DB00A6A50F;
			productRefGroup = 37AC395D1F3DA0DB00A6A50F /* Products */;
			projectDirPath = "";
			projectRoot = "";
			targets = (
				37AC395B1F3DA0DB00A6A50F /* music */,
			);
		};
/* End PBXProject section */

/* Begin PBXResourcesBuildPhase section */
		37AC395A1F3DA0DB00A6A50F /* Resources */ = {
			isa = PBXResourcesBuildPhase;
			buildActionMask = 2147483647;
			files = (
				3792FDC91F52ACC300DE9078 /* arrow_left.png in Resources */,
				3765F0261F3EDC9E00EC9C61 /* Images.xcassets in Resources */,
			);
			runOnlyForDeploymentPostprocessing = 0;
		};
/* End PBXResourcesBuildPhase section */

/* Begin PBXShellScriptBuildPhase section */
		168B3AFF5C6951955848995D /* [CP] Copy Pods Resources */ = {
			isa = PBXShellScriptBuildPhase;
			buildActionMask = 2147483647;
			files = (
			);
			inputPaths = (
			);
			name = "[CP] Copy Pods Resources";
			outputPaths = (
			);
			runOnlyForDeploymentPostprocessing = 0;
			shellPath = /bin/sh;
			shellScript = "\"${SRCROOT}/Pods/Target Support Files/Pods-music/Pods-music-resources.sh\"\n";
			showEnvVarsInLog = 0;
		};
		7C7B12AE3DAAF6898FD8A5A5 /* [CP] Embed Pods Frameworks */ = {
			isa = PBXShellScriptBuildPhase;
			buildActionMask = 2147483647;
			files = (
			);
			inputPaths = (
			);
			name = "[CP] Embed Pods Frameworks";
			outputPaths = (
			);
			runOnlyForDeploymentPostprocessing = 0;
			shellPath = /bin/sh;
			shellScript = "\"${SRCROOT}/Pods/Target Support Files/Pods-music/Pods-music-frameworks.sh\"\n";
			showEnvVarsInLog = 0;
		};
		C35DB984118E72F4EF19006E /* [CP] Check Pods Manifest.lock */ = {
			isa = PBXShellScriptBuildPhase;
			buildActionMask = 2147483647;
			files = (
			);
			inputPaths = (
			);
			name = "[CP] Check Pods Manifest.lock";
			outputPaths = (
			);
			runOnlyForDeploymentPostprocessing = 0;
			shellPath = /bin/sh;
			shellScript = "diff \"${PODS_ROOT}/../Podfile.lock\" \"${PODS_ROOT}/Manifest.lock\" > /dev/null\nif [[ $? != 0 ]] ; then\n    cat << EOM\nerror: The sandbox is not in sync with the Podfile.lock. Run 'pod install' or update your CocoaPods installation.\nEOM\n    exit 1\nfi\n";
			showEnvVarsInLog = 0;
		};
/* End PBXShellScriptBuildPhase section */

/* Begin PBXSourcesBuildPhase section */
		37AC39581F3DA0DB00A6A50F /* Sources */ = {
			isa = PBXSourcesBuildPhase;
			buildActionMask = 2147483647;
			files = (
				37556E6B1F57A90D00B65CFB /* XJSongCell.m in Sources */,
				379BE61F1F47F0C8001826BB /* XJMLibraryViewController.m in Sources */,
				37AC39671F3DA0DB00A6A50F /* ViewController.m in Sources */,
				37A9BF561F42E22000297BC1 /* BaseViewModel.m in Sources */,
				3792FDC41F525F0A00DE9078 /* XJRecommendSectionTItle.m in Sources */,
				379BE61C1F47F083001826BB /* XJMyViewController.m in Sources */,
				370567D91F3EE2B800AB022C /* XJRecommendViewController.m in Sources */,
				37D84D6C1F429899005083B2 /* XJPlayView.m in Sources */,
				370567D31F3EE25400AB022C /* XJTabBarController.m in Sources */,
				379BE6221F47F16F001826BB /* XJMiddleViewController.m in Sources */,
				37ADB7341F3EE9940063F493 /* XJPlayTabbar.m in Sources */,
				3792FDC71F526A5200DE9078 /* UIButton+Extension.m in Sources */,
				37A9BF521F42D79700297BC1 /* NewCategoryModel.m in Sources */,
				374DB05C1F5BE819003DE302 /* UIView+Animations.m in Sources */,
				37AC39641F3DA0DB00A6A50F /* AppDelegate.m in Sources */,
				37AC39611F3DA0DB00A6A50F /* main.m in Sources */,
				371C2B781F5986080086FE20 /* XJMainPlayView.m in Sources */,
				37ADB7391F3EED260063F493 /* UIView+Extension.m in Sources */,
				379BE6281F481096001826BB /* XJBGCollectionViewCell.m in Sources */,
				37AA16191F43DCE400A81F1C /* XJPLayManager.m in Sources */,
				3748ACF11F43175B00AA9183 /* XJMainTableViewCell.m in Sources */,
				37B23BEF1F5AA45200646661 /* NSString+Extension.m in Sources */,
				37A9BF4B1F42D43700297BC1 /* XJMoreNetManager.m in Sources */,
				3792FDCC1F530B5A00DE9078 /* XJSongViewController.m in Sources */,
				372DE0741F4BD87D00F52D1D /* XJRecommendViewCell.m in Sources */,
				370D71111F45C2AA00C137D2 /* DestinationModel.m in Sources */,
				37A9BF591F42E25900297BC1 /* NewContentViewModel.m in Sources */,
				37AA161C1F44240B00A81F1C /* TracksViewModel.m in Sources */,
				370567D61F3EE27000AB022C /* XJMainViewController.m in Sources */,
				371647661F41A10500828335 /* UIButton+EnlargeTouchArea.m in Sources */,
				379BE6251F47F516001826BB /* XJNavigaterView.m in Sources */,
				371C2B751F59854F0086FE20 /* XJMainPlayController.m in Sources */,
				377DBDCF1F569A6B0073DCCC /* XJSongHeaderView.m in Sources */,
				379BE62E1F486A1B001826BB /* ContentsModel.m in Sources */,
				379BE62B1F486812001826BB /* MoreContentViewModel.m in Sources */,
				37A9BF481F42D13B00297BC1 /* XJNetManager.m in Sources */,
			);
			runOnlyForDeploymentPostprocessing = 0;
		};
/* End PBXSourcesBuildPhase section */

/* Begin XCBuildConfiguration section */
		37AC39711F3DA0DB00A6A50F /* Debug */ = {
			isa = XCBuildConfiguration;
			buildSettings = {
				ALWAYS_SEARCH_USER_PATHS = NO;
				CLANG_ANALYZER_NONNULL = YES;
				CLANG_ANALYZER_NUMBER_OBJECT_CONVERSION = YES_AGGRESSIVE;
				CLANG_CXX_LANGUAGE_STANDARD = "gnu++0x";
				CLANG_CXX_LIBRARY = "libc++";
				CLANG_ENABLE_MODULES = YES;
				CLANG_ENABLE_OBJC_ARC = YES;
				CLANG_WARN_BOOL_CONVERSION = YES;
				CLANG_WARN_CONSTANT_CONVERSION = YES;
				CLANG_WARN_DIRECT_OBJC_ISA_USAGE = YES_ERROR;
				CLANG_WARN_DOCUMENTATION_COMMENTS = YES;
				CLANG_WARN_EMPTY_BODY = YES;
				CLANG_WARN_ENUM_CONVERSION = YES;
				CLANG_WARN_INFINITE_RECURSION = YES;
				CLANG_WARN_INT_CONVERSION = YES;
				CLANG_WARN_OBJC_ROOT_CLASS = YES_ERROR;
				CLANG_WARN_SUSPICIOUS_MOVE = YES;
				CLANG_WARN_UNREACHABLE_CODE = YES;
				CLANG_WARN__DUPLICATE_METHOD_MATCH = YES;
				"CODE_SIGN_IDENTITY[sdk=iphoneos*]" = "iPhone Developer";
				COPY_PHASE_STRIP = NO;
				DEBUG_INFORMATION_FORMAT = dwarf;
				ENABLE_STRICT_OBJC_MSGSEND = YES;
				ENABLE_TESTABILITY = YES;
				GCC_C_LANGUAGE_STANDARD = gnu99;
				GCC_DYNAMIC_NO_PIC = NO;
				GCC_NO_COMMON_BLOCKS = YES;
				GCC_OPTIMIZATION_LEVEL = 0;
				GCC_PREPROCESSOR_DEFINITIONS = (
					"DEBUG=1",
					"$(inherited)",
				);
				GCC_WARN_64_TO_32_BIT_CONVERSION = YES;
				GCC_WARN_ABOUT_RETURN_TYPE = YES_ERROR;
				GCC_WARN_UNDECLARED_SELECTOR = YES;
				GCC_WARN_UNINITIALIZED_AUTOS = YES_AGGRESSIVE;
				GCC_WARN_UNUSED_FUNCTION = YES;
				GCC_WARN_UNUSED_VARIABLE = YES;
				IPHONEOS_DEPLOYMENT_TARGET = 10.3;
				MTL_ENABLE_DEBUG_INFO = YES;
				ONLY_ACTIVE_ARCH = YES;
				SDKROOT = iphoneos;
				TARGETED_DEVICE_FAMILY = "1,2";
			};
			name = Debug;
		};
		37AC39721F3DA0DB00A6A50F /* Release */ = {
			isa = XCBuildConfiguration;
			buildSettings = {
				ALWAYS_SEARCH_USER_PATHS = NO;
				CLANG_ANALYZER_NONNULL = YES;
				CLANG_ANALYZER_NUMBER_OBJECT_CONVERSION = YES_AGGRESSIVE;
				CLANG_CXX_LANGUAGE_STANDARD = "gnu++0x";
				CLANG_CXX_LIBRARY = "libc++";
				CLANG_ENABLE_MODULES = YES;
				CLANG_ENABLE_OBJC_ARC = YES;
				CLANG_WARN_BOOL_CONVERSION = YES;
				CLANG_WARN_CONSTANT_CONVERSION = YES;
				CLANG_WARN_DIRECT_OBJC_ISA_USAGE = YES_ERROR;
				CLANG_WARN_DOCUMENTATION_COMMENTS = YES;
				CLANG_WARN_EMPTY_BODY = YES;
				CLANG_WARN_ENUM_CONVERSION = YES;
				CLANG_WARN_INFINITE_RECURSION = YES;
				CLANG_WARN_INT_CONVERSION = YES;
				CLANG_WARN_OBJC_ROOT_CLASS = YES_ERROR;
				CLANG_WARN_SUSPICIOUS_MOVE = YES;
				CLANG_WARN_UNREACHABLE_CODE = YES;
				CLANG_WARN__DUPLICATE_METHOD_MATCH = YES;
				"CODE_SIGN_IDENTITY[sdk=iphoneos*]" = "iPhone Developer";
				COPY_PHASE_STRIP = NO;
				DEBUG_INFORMATION_FORMAT = "dwarf-with-dsym";
				ENABLE_NS_ASSERTIONS = NO;
				ENABLE_STRICT_OBJC_MSGSEND = YES;
				GCC_C_LANGUAGE_STANDARD = gnu99;
				GCC_NO_COMMON_BLOCKS = YES;
				GCC_WARN_64_TO_32_BIT_CONVERSION = YES;
				GCC_WARN_ABOUT_RETURN_TYPE = YES_ERROR;
				GCC_WARN_UNDECLARED_SELECTOR = YES;
				GCC_WARN_UNINITIALIZED_AUTOS = YES_AGGRESSIVE;
				GCC_WARN_UNUSED_FUNCTION = YES;
				GCC_WARN_UNUSED_VARIABLE = YES;
				IPHONEOS_DEPLOYMENT_TARGET = 10.3;
				MTL_ENABLE_DEBUG_INFO = NO;
				SDKROOT = iphoneos;
				TARGETED_DEVICE_FAMILY = "1,2";
				VALIDATE_PRODUCT = YES;
			};
			name = Release;
		};
		37AC39741F3DA0DB00A6A50F /* Debug */ = {
			isa = XCBuildConfiguration;
			baseConfigurationReference = 0D70799529089053D333F85E /* Pods-music.debug.xcconfig */;
			buildSettings = {
				ASSETCATALOG_COMPILER_APPICON_NAME = AppIcon;
				ASSETCATALOG_COMPILER_LAUNCHIMAGE_NAME = LaunchImage;
				CODE_SIGN_IDENTITY = "iPhone Developer";
				"CODE_SIGN_IDENTITY[sdk=iphoneos*]" = "iPhone Developer";
				GCC_PREFIX_HEADER = PrefixHeader.pch;
				INFOPLIST_FILE = music/Info.plist;
				IPHONEOS_DEPLOYMENT_TARGET = 8.0;
				LD_RUNPATH_SEARCH_PATHS = "$(inherited) @executable_path/Frameworks";
				PRODUCT_BUNDLE_IDENTIFIER = cn.com.onePoint;
				PRODUCT_NAME = "$(TARGET_NAME)";
				PROVISIONING_PROFILE = "";
				USER_HEADER_SEARCH_PATHS = "";
			};
			name = Debug;
		};
		37AC39751F3DA0DB00A6A50F /* Release */ = {
			isa = XCBuildConfiguration;
			baseConfigurationReference = EDF491263D24B50AB541683E /* Pods-music.release.xcconfig */;
			buildSettings = {
				ASSETCATALOG_COMPILER_APPICON_NAME = AppIcon;
				ASSETCATALOG_COMPILER_LAUNCHIMAGE_NAME = LaunchImage;
				CODE_SIGN_IDENTITY = "iPhone Developer";
				"CODE_SIGN_IDENTITY[sdk=iphoneos*]" = "iPhone Developer";
				GCC_PREFIX_HEADER = PrefixHeader.pch;
				INFOPLIST_FILE = music/Info.plist;
				IPHONEOS_DEPLOYMENT_TARGET = 8.0;
				LD_RUNPATH_SEARCH_PATHS = "$(inherited) @executable_path/Frameworks";
				PRODUCT_BUNDLE_IDENTIFIER = cn.com.onePoint;
				PRODUCT_NAME = "$(TARGET_NAME)";
				PROVISIONING_PROFILE = "";
				USER_HEADER_SEARCH_PATHS = "";
			};
			name = Release;
		};
/* End XCBuildConfiguration section */

/* Begin XCConfigurationList section */
		37AC39571F3DA0DB00A6A50F /* Build configuration list for PBXProject "music" */ = {
			isa = XCConfigurationList;
			buildConfigurations = (
				37AC39711F3DA0DB00A6A50F /* Debug */,
				37AC39721F3DA0DB00A6A50F /* Release */,
			);
			defaultConfigurationIsVisible = 0;
			defaultConfigurationName = Release;
		};
		37AC39731F3DA0DB00A6A50F /* Build configuration list for PBXNativeTarget "music" */ = {
			isa = XCConfigurationList;
			buildConfigurations = (
				37AC39741F3DA0DB00A6A50F /* Debug */,
				37AC39751F3DA0DB00A6A50F /* Release */,
			);
			defaultConfigurationIsVisible = 0;
			defaultConfigurationName = Release;
		};
/* End XCConfigurationList section */
	};
	rootObject = 37AC39541F3DA0DB00A6A50F /* Project object */;
}
